// !$*UTF8*$!
{
	archiveVersion = 1;
	classes = {
	};
	objectVersion = 48;
	objects = {

/* Begin PBXBuildFile section */
		6B61EE41A2C68EFFFC4C9989 /* Pods_Swecchta.framework in Frameworks */ = {isa = PBXBuildFile; fileRef = 9F91726A267286FE1B5EA092 /* Pods_Swecchta.framework */; };
		D63154312006579B00CCCE90 /* AuthServices.swift in Sources */ = {isa = PBXBuildFile; fileRef = D63154302006579B00CCCE90 /* AuthServices.swift */; };
		D63154332006674700CCCE90 /* Config.swift in Sources */ = {isa = PBXBuildFile; fileRef = D63154322006674700CCCE90 /* Config.swift */; };
		D63154352006979200CCCE90 /* CreatePostViewController.swift in Sources */ = {isa = PBXBuildFile; fileRef = D63154342006979200CCCE90 /* CreatePostViewController.swift */; };
		D631543720069CF300CCCE90 /* RoundButton.swift in Sources */ = {isa = PBXBuildFile; fileRef = D631543620069CF300CCCE90 /* RoundButton.swift */; };
		D6397D592007F4920029B072 /* ProgressHUD.m in Sources */ = {isa = PBXBuildFile; fileRef = D6397D562007F4910029B072 /* ProgressHUD.m */; };
		D6397D5A2007F4920029B072 /* ProgressHUD.bundle in Resources */ = {isa = PBXBuildFile; fileRef = D6397D572007F4910029B072 /* ProgressHUD.bundle */; };
		D654527620026E6200F652BE /* Main.storyboard in Resources */ = {isa = PBXBuildFile; fileRef = D654527520026E6200F652BE /* Main.storyboard */; };
		D65452782002AF2A00F652BE /* SignUpViewController.swift in Sources */ = {isa = PBXBuildFile; fileRef = D65452772002AF2900F652BE /* SignUpViewController.swift */; };
		D666DF48200552CF0038E0F1 /* ProfileViewController.swift in Sources */ = {isa = PBXBuildFile; fileRef = D666DF47200552CF0038E0F1 /* ProfileViewController.swift */; };
		D69887521FFE5DF500C829D3 /* AppDelegate.swift in Sources */ = {isa = PBXBuildFile; fileRef = D69887511FFE5DF500C829D3 /* AppDelegate.swift */; };
		D69887541FFE5DF500C829D3 /* LoginViewController.swift in Sources */ = {isa = PBXBuildFile; fileRef = D69887531FFE5DF500C829D3 /* LoginViewController.swift */; };
		D69887571FFE5DF500C829D3 /* Start.storyboard in Resources */ = {isa = PBXBuildFile; fileRef = D69887551FFE5DF500C829D3 /* Start.storyboard */; };
		D698875A1FFE5DF500C829D3 /* Swecchta.xcdatamodeld in Sources */ = {isa = PBXBuildFile; fileRef = D69887581FFE5DF500C829D3 /* Swecchta.xcdatamodeld */; };
		D698875C1FFE5DF500C829D3 /* Assets.xcassets in Resources */ = {isa = PBXBuildFile; fileRef = D698875B1FFE5DF500C829D3 /* Assets.xcassets */; };
		D698875F1FFE5DF500C829D3 /* LaunchScreen.storyboard in Resources */ = {isa = PBXBuildFile; fileRef = D698875D1FFE5DF500C829D3 /* LaunchScreen.storyboard */; };
		D69887671FFE80E500C829D3 /* GoogleService-Info.plist in Resources */ = {isa = PBXBuildFile; fileRef = D69887661FFE80E500C829D3 /* GoogleService-Info.plist */; };
		D6ADA23620036D1C00AFC03F /* AllPosts.storyboard in Resources */ = {isa = PBXBuildFile; fileRef = D6ADA23520036D1C00AFC03F /* AllPosts.storyboard */; };
		D6ADA23820036D3900AFC03F /* Inbox.storyboard in Resources */ = {isa = PBXBuildFile; fileRef = D6ADA23720036D3900AFC03F /* Inbox.storyboard */; };
		D6ADA23A20036D5300AFC03F /* CreatePost.storyboard in Resources */ = {isa = PBXBuildFile; fileRef = D6ADA23920036D5300AFC03F /* CreatePost.storyboard */; };
		D6ADA23C20036D6300AFC03F /* LocateDustbin.storyboard in Resources */ = {isa = PBXBuildFile; fileRef = D6ADA23B20036D6300AFC03F /* LocateDustbin.storyboard */; };
		D6ADA23E20036D7D00AFC03F /* Profile.storyboard in Resources */ = {isa = PBXBuildFile; fileRef = D6ADA23D20036D7D00AFC03F /* Profile.storyboard */; };
		D6D7CA7C20054386000A6808 /* RoundImageView.swift in Sources */ = {isa = PBXBuildFile; fileRef = D6D7CA7B20054386000A6808 /* RoundImageView.swift */; };
/* End PBXBuildFile section */

/* Begin PBXFileReference section */
		76DFD91DC4370C44C583E245 /* Pods-Swecchta.release.xcconfig */ = {isa = PBXFileReference; includeInIndex = 1; lastKnownFileType = text.xcconfig; name = "Pods-Swecchta.release.xcconfig"; path = "Pods/Target Support Files/Pods-Swecchta/Pods-Swecchta.release.xcconfig"; sourceTree = "<group>"; };
		9F91726A267286FE1B5EA092 /* Pods_Swecchta.framework */ = {isa = PBXFileReference; explicitFileType = wrapper.framework; includeInIndex = 0; path = Pods_Swecchta.framework; sourceTree = BUILT_PRODUCTS_DIR; };
		BD1C19B9C88819EE11824DC1 /* Pods-Swecchta.debug.xcconfig */ = {isa = PBXFileReference; includeInIndex = 1; lastKnownFileType = text.xcconfig; name = "Pods-Swecchta.debug.xcconfig"; path = "Pods/Target Support Files/Pods-Swecchta/Pods-Swecchta.debug.xcconfig"; sourceTree = "<group>"; };
		D62184AA2007F54100A8A8F0 /* Swecchta.entitlements */ = {isa = PBXFileReference; lastKnownFileType = text.plist.entitlements; path = Swecchta.entitlements; sourceTree = "<group>"; };
		D63154302006579B00CCCE90 /* AuthServices.swift */ = {isa = PBXFileReference; lastKnownFileType = sourcecode.swift; path = AuthServices.swift; sourceTree = "<group>"; };
		D63154322006674700CCCE90 /* Config.swift */ = {isa = PBXFileReference; lastKnownFileType = sourcecode.swift; path = Config.swift; sourceTree = "<group>"; };
		D63154342006979200CCCE90 /* CreatePostViewController.swift */ = {isa = PBXFileReference; lastKnownFileType = sourcecode.swift; path = CreatePostViewController.swift; sourceTree = "<group>"; };
		D631543620069CF300CCCE90 /* RoundButton.swift */ = {isa = PBXFileReference; fileEncoding = 4; lastKnownFileType = sourcecode.swift; path = RoundButton.swift; sourceTree = "<group>"; };
		D6397D552007F4900029B072 /* Swecchta-Bridging-Header.h */ = {isa = PBXFileReference; lastKnownFileType = sourcecode.c.h; path = "Swecchta-Bridging-Header.h"; sourceTree = "<group>"; };
		D6397D562007F4910029B072 /* ProgressHUD.m */ = {isa = PBXFileReference; fileEncoding = 4; lastKnownFileType = sourcecode.c.objc; path = ProgressHUD.m; sourceTree = "<group>"; };
		D6397D572007F4910029B072 /* ProgressHUD.bundle */ = {isa = PBXFileReference; lastKnownFileType = "wrapper.plug-in"; path = ProgressHUD.bundle; sourceTree = "<group>"; };
		D6397D582007F4920029B072 /* ProgressHUD.h */ = {isa = PBXFileReference; fileEncoding = 4; lastKnownFileType = sourcecode.c.h; path = ProgressHUD.h; sourceTree = "<group>"; };
		D654527520026E6200F652BE /* Main.storyboard */ = {isa = PBXFileReference; fileEncoding = 4; lastKnownFileType = file.storyboard; path = Main.storyboard; sourceTree = "<group>"; };
		D65452772002AF2900F652BE /* SignUpViewController.swift */ = {isa = PBXFileReference; lastKnownFileType = sourcecode.swift; path = SignUpViewController.swift; sourceTree = "<group>"; };
		D666DF47200552CF0038E0F1 /* ProfileViewController.swift */ = {isa = PBXFileReference; lastKnownFileType = sourcecode.swift; path = ProfileViewController.swift; sourceTree = "<group>"; };
		D698874E1FFE5DF500C829D3 /* Swecchta.app */ = {isa = PBXFileReference; explicitFileType = wrapper.application; includeInIndex = 0; path = Swecchta.app; sourceTree = BUILT_PRODUCTS_DIR; };
		D69887511FFE5DF500C829D3 /* AppDelegate.swift */ = {isa = PBXFileReference; lastKnownFileType = sourcecode.swift; path = AppDelegate.swift; sourceTree = "<group>"; };
		D69887531FFE5DF500C829D3 /* LoginViewController.swift */ = {isa = PBXFileReference; lastKnownFileType = sourcecode.swift; path = LoginViewController.swift; sourceTree = "<group>"; };
		D69887561FFE5DF500C829D3 /* Base */ = {isa = PBXFileReference; lastKnownFileType = file.storyboard; name = Base; path = Base.lproj/Start.storyboard; sourceTree = "<group>"; };
		D69887591FFE5DF500C829D3 /* Swecchta.xcdatamodel */ = {isa = PBXFileReference; lastKnownFileType = wrapper.xcdatamodel; path = Swecchta.xcdatamodel; sourceTree = "<group>"; };
		D698875B1FFE5DF500C829D3 /* Assets.xcassets */ = {isa = PBXFileReference; lastKnownFileType = folder.assetcatalog; path = Assets.xcassets; sourceTree = "<group>"; };
		D698875E1FFE5DF500C829D3 /* Base */ = {isa = PBXFileReference; lastKnownFileType = file.storyboard; name = Base; path = Base.lproj/LaunchScreen.storyboard; sourceTree = "<group>"; };
		D69887601FFE5DF500C829D3 /* Info.plist */ = {isa = PBXFileReference; lastKnownFileType = text.plist.xml; path = Info.plist; sourceTree = "<group>"; };
		D69887661FFE80E500C829D3 /* GoogleService-Info.plist */ = {isa = PBXFileReference; fileEncoding = 4; lastKnownFileType = text.plist.xml; path = "GoogleService-Info.plist"; sourceTree = "<group>"; };
		D6ADA23520036D1C00AFC03F /* AllPosts.storyboard */ = {isa = PBXFileReference; fileEncoding = 4; lastKnownFileType = file.storyboard; path = AllPosts.storyboard; sourceTree = "<group>"; };
		D6ADA23720036D3900AFC03F /* Inbox.storyboard */ = {isa = PBXFileReference; fileEncoding = 4; lastKnownFileType = file.storyboard; path = Inbox.storyboard; sourceTree = "<group>"; };
		D6ADA23920036D5300AFC03F /* CreatePost.storyboard */ = {isa = PBXFileReference; fileEncoding = 4; lastKnownFileType = file.storyboard; path = CreatePost.storyboard; sourceTree = "<group>"; };
		D6ADA23B20036D6300AFC03F /* LocateDustbin.storyboard */ = {isa = PBXFileReference; fileEncoding = 4; lastKnownFileType = file.storyboard; path = LocateDustbin.storyboard; sourceTree = "<group>"; };
		D6ADA23D20036D7D00AFC03F /* Profile.storyboard */ = {isa = PBXFileReference; fileEncoding = 4; lastKnownFileType = file.storyboard; path = Profile.storyboard; sourceTree = "<group>"; };
		D6D7CA7B20054386000A6808 /* RoundImageView.swift */ = {isa = PBXFileReference; lastKnownFileType = sourcecode.swift; path = RoundImageView.swift; sourceTree = "<group>"; };
/* End PBXFileReference section */

/* Begin PBXFrameworksBuildPhase section */
		D698874B1FFE5DF500C829D3 /* Frameworks */ = {
			isa = PBXFrameworksBuildPhase;
			buildActionMask = 2147483647;
			files = (
				6B61EE41A2C68EFFFC4C9989 /* Pods_Swecchta.framework in Frameworks */,
			);
			runOnlyForDeploymentPostprocessing = 0;
		};
/* End PBXFrameworksBuildPhase section */

/* Begin PBXGroup section */
		AC1C5308E799C48BBF718040 /* Pods */ = {
			isa = PBXGroup;
			children = (
				BD1C19B9C88819EE11824DC1 /* Pods-Swecchta.debug.xcconfig */,
				76DFD91DC4370C44C583E245 /* Pods-Swecchta.release.xcconfig */,
			);
			name = Pods;
			sourceTree = "<group>";
		};
		D68DFF972007596E0031813C /* Support Files */ = {
			isa = PBXGroup;
			children = (
				D69887511FFE5DF500C829D3 /* AppDelegate.swift */,
				D63154302006579B00CCCE90 /* AuthServices.swift */,
				D63154322006674700CCCE90 /* Config.swift */,
				D6D7CA7B20054386000A6808 /* RoundImageView.swift */,
				D631543620069CF300CCCE90 /* RoundButton.swift */,
				D69887581FFE5DF500C829D3 /* Swecchta.xcdatamodeld */,
				D6397D572007F4910029B072 /* ProgressHUD.bundle */,
				D6397D582007F4920029B072 /* ProgressHUD.h */,
				D6397D562007F4910029B072 /* ProgressHUD.m */,
				D6397D552007F4900029B072 /* Swecchta-Bridging-Header.h */,
			);
			path = "Support Files";
			sourceTree = "<group>";
		};
		D68DFF982007598B0031813C /* View Controllers */ = {
			isa = PBXGroup;
			children = (
				D69887531FFE5DF500C829D3 /* LoginViewController.swift */,
				D65452772002AF2900F652BE /* SignUpViewController.swift */,
				D666DF47200552CF0038E0F1 /* ProfileViewController.swift */,
				D63154342006979200CCCE90 /* CreatePostViewController.swift */,
			);
			path = "View Controllers";
			sourceTree = "<group>";
		};
		D69887451FFE5DF500C829D3 = {
			isa = PBXGroup;
			children = (
				D69887501FFE5DF500C829D3 /* Swecchta */,
				D698874F1FFE5DF500C829D3 /* Products */,
				AC1C5308E799C48BBF718040 /* Pods */,
				F96A6C49FD6B90927AA3A4BC /* Frameworks */,
			);
			sourceTree = "<group>";
		};
		D698874F1FFE5DF500C829D3 /* Products */ = {
			isa = PBXGroup;
			children = (
				D698874E1FFE5DF500C829D3 /* Swecchta.app */,
			);
			name = Products;
			sourceTree = "<group>";
		};
		D69887501FFE5DF500C829D3 /* Swecchta */ = {
			isa = PBXGroup;
			children = (
				D62184AA2007F54100A8A8F0 /* Swecchta.entitlements */,
				D69887661FFE80E500C829D3 /* GoogleService-Info.plist */,
				D69887601FFE5DF500C829D3 /* Info.plist */,
				D68DFF972007596E0031813C /* Support Files */,
				D68DFF982007598B0031813C /* View Controllers */,
				D6ADA23F2003711F00AFC03F /* Storyboards */,
				D698875B1FFE5DF500C829D3 /* Assets.xcassets */,
			);
			path = Swecchta;
			sourceTree = "<group>";
		};
		D6ADA23F2003711F00AFC03F /* Storyboards */ = {
			isa = PBXGroup;
			children = (
				D69887551FFE5DF500C829D3 /* Start.storyboard */,
				D654527520026E6200F652BE /* Main.storyboard */,
				D6ADA23D20036D7D00AFC03F /* Profile.storyboard */,
				D6ADA23B20036D6300AFC03F /* LocateDustbin.storyboard */,
				D6ADA23920036D5300AFC03F /* CreatePost.storyboard */,
				D6ADA23720036D3900AFC03F /* Inbox.storyboard */,
				D6ADA23520036D1C00AFC03F /* AllPosts.storyboard */,
				D698875D1FFE5DF500C829D3 /* LaunchScreen.storyboard */,
			);
			path = Storyboards;
			sourceTree = "<group>";
		};
		F96A6C49FD6B90927AA3A4BC /* Frameworks */ = {
			isa = PBXGroup;
			children = (
				9F91726A267286FE1B5EA092 /* Pods_Swecchta.framework */,
			);
			name = Frameworks;
			sourceTree = "<group>";
		};
/* End PBXGroup section */

/* Begin PBXNativeTarget section */
		D698874D1FFE5DF500C829D3 /* Swecchta */ = {
			isa = PBXNativeTarget;
			buildConfigurationList = D69887631FFE5DF500C829D3 /* Build configuration list for PBXNativeTarget "Swecchta" */;
			buildPhases = (
				FDCD61EE7A07D79E8B3EEB2C /* [CP] Check Pods Manifest.lock */,
				D698874A1FFE5DF500C829D3 /* Sources */,
				D698874B1FFE5DF500C829D3 /* Frameworks */,
				D698874C1FFE5DF500C829D3 /* Resources */,
				EE4EA4344190A58511674156 /* [CP] Embed Pods Frameworks */,
				8BB3A31C27874D6495D47281 /* [CP] Copy Pods Resources */,
			);
			buildRules = (
			);
			dependencies = (
			);
			name = Swecchta;
			productName = Swecchta;
			productReference = D698874E1FFE5DF500C829D3 /* Swecchta.app */;
			productType = "com.apple.product-type.application";
		};
/* End PBXNativeTarget section */

/* Begin PBXProject section */
		D69887461FFE5DF500C829D3 /* Project object */ = {
			isa = PBXProject;
			attributes = {
				LastSwiftUpdateCheck = 0920;
				LastUpgradeCheck = 0920;
				ORGANIZATIONNAME = VisionArray;
				TargetAttributes = {
					D698874D1FFE5DF500C829D3 = {
						CreatedOnToolsVersion = 9.2;
						LastSwiftMigration = 0920;
						ProvisioningStyle = Automatic;
						SystemCapabilities = {
							com.apple.Keychain = {
								enabled = 1;
							};
						};
					};
				};
			};
			buildConfigurationList = D69887491FFE5DF500C829D3 /* Build configuration list for PBXProject "Swecchta" */;
			compatibilityVersion = "Xcode 8.0";
			developmentRegion = en;
			hasScannedForEncodings = 0;
			knownRegions = (
				en,
				Base,
			);
			mainGroup = D69887451FFE5DF500C829D3;
			productRefGroup = D698874F1FFE5DF500C829D3 /* Products */;
			projectDirPath = "";
			projectRoot = "";
			targets = (
				D698874D1FFE5DF500C829D3 /* Swecchta */,
			);
		};
/* End PBXProject section */

/* Begin PBXResourcesBuildPhase section */
		D698874C1FFE5DF500C829D3 /* Resources */ = {
			isa = PBXResourcesBuildPhase;
			buildActionMask = 2147483647;
			files = (
				D6397D5A2007F4920029B072 /* ProgressHUD.bundle in Resources */,
				D698875F1FFE5DF500C829D3 /* LaunchScreen.storyboard in Resources */,
				D654527620026E6200F652BE /* Main.storyboard in Resources */,
				D6ADA23E20036D7D00AFC03F /* Profile.storyboard in Resources */,
				D69887671FFE80E500C829D3 /* GoogleService-Info.plist in Resources */,
				D698875C1FFE5DF500C829D3 /* Assets.xcassets in Resources */,
				D6ADA23820036D3900AFC03F /* Inbox.storyboard in Resources */,
				D6ADA23620036D1C00AFC03F /* AllPosts.storyboard in Resources */,
				D6ADA23A20036D5300AFC03F /* CreatePost.storyboard in Resources */,
				D69887571FFE5DF500C829D3 /* Start.storyboard in Resources */,
				D6ADA23C20036D6300AFC03F /* LocateDustbin.storyboard in Resources */,
			);
			runOnlyForDeploymentPostprocessing = 0;
		};
/* End PBXResourcesBuildPhase section */

/* Begin PBXShellScriptBuildPhase section */
		8BB3A31C27874D6495D47281 /* [CP] Copy Pods Resources */ = {
			isa = PBXShellScriptBuildPhase;
			buildActionMask = 2147483647;
			files = (
			);
			inputPaths = (
			);
			name = "[CP] Copy Pods Resources";
			outputPaths = (
			);
			runOnlyForDeploymentPostprocessing = 0;
			shellPath = /bin/sh;
			shellScript = "\"${SRCROOT}/Pods/Target Support Files/Pods-Swecchta/Pods-Swecchta-resources.sh\"\n";
			showEnvVarsInLog = 0;
		};
		EE4EA4344190A58511674156 /* [CP] Embed Pods Frameworks */ = {
			isa = PBXShellScriptBuildPhase;
			buildActionMask = 2147483647;
			files = (
			);
			inputPaths = (
				"${SRCROOT}/Pods/Target Support Files/Pods-Swecchta/Pods-Swecchta-frameworks.sh",
				"${BUILT_PRODUCTS_DIR}/Bolts/Bolts.framework",
				"${BUILT_PRODUCTS_DIR}/FBSDKCoreKit/FBSDKCoreKit.framework",
				"${BUILT_PRODUCTS_DIR}/FBSDKLoginKit/FBSDKLoginKit.framework",
				"${BUILT_PRODUCTS_DIR}/FBSDKShareKit/FBSDKShareKit.framework",
				"${BUILT_PRODUCTS_DIR}/GTMSessionFetcher/GTMSessionFetcher.framework",
				"${BUILT_PRODUCTS_DIR}/GoogleToolboxForMac/GoogleToolboxForMac.framework",
				"${BUILT_PRODUCTS_DIR}/SwiftSpinner/SwiftSpinner.framework",
			);
			name = "[CP] Embed Pods Frameworks";
			outputPaths = (
				"${TARGET_BUILD_DIR}/${FRAMEWORKS_FOLDER_PATH}/Bolts.framework",
				"${TARGET_BUILD_DIR}/${FRAMEWORKS_FOLDER_PATH}/FBSDKCoreKit.framework",
				"${TARGET_BUILD_DIR}/${FRAMEWORKS_FOLDER_PATH}/FBSDKLoginKit.framework",
				"${TARGET_BUILD_DIR}/${FRAMEWORKS_FOLDER_PATH}/FBSDKShareKit.framework",
				"${TARGET_BUILD_DIR}/${FRAMEWORKS_FOLDER_PATH}/GTMSessionFetcher.framework",
				"${TARGET_BUILD_DIR}/${FRAMEWORKS_FOLDER_PATH}/GoogleToolboxForMac.framework",
				"${TARGET_BUILD_DIR}/${FRAMEWORKS_FOLDER_PATH}/SwiftSpinner.framework",
			);
			runOnlyForDeploymentPostprocessing = 0;
			shellPath = /bin/sh;
			shellScript = "\"${SRCROOT}/Pods/Target Support Files/Pods-Swecchta/Pods-Swecchta-frameworks.sh\"\n";
			showEnvVarsInLog = 0;
		};
		FDCD61EE7A07D79E8B3EEB2C /* [CP] Check Pods Manifest.lock */ = {
			isa = PBXShellScriptBuildPhase;
			buildActionMask = 2147483647;
			files = (
			);
			inputPaths = (
				"${PODS_PODFILE_DIR_PATH}/Podfile.lock",
				"${PODS_ROOT}/Manifest.lock",
			);
			name = "[CP] Check Pods Manifest.lock";
			outputPaths = (
				"$(DERIVED_FILE_DIR)/Pods-Swecchta-checkManifestLockResult.txt",
			);
			runOnlyForDeploymentPostprocessing = 0;
			shellPath = /bin/sh;
			shellScript = "diff \"${PODS_PODFILE_DIR_PATH}/Podfile.lock\" \"${PODS_ROOT}/Manifest.lock\" > /dev/null\nif [ $? != 0 ] ; then\n    # print error to STDERR\n    echo \"error: The sandbox is not in sync with the Podfile.lock. Run 'pod install' or update your CocoaPods installation.\" >&2\n    exit 1\nfi\n# This output is used by Xcode 'outputs' to avoid re-running this script phase.\necho \"SUCCESS\" > \"${SCRIPT_OUTPUT_FILE_0}\"\n";
			showEnvVarsInLog = 0;
		};
/* End PBXShellScriptBuildPhase section */

/* Begin PBXSourcesBuildPhase section */
		D698874A1FFE5DF500C829D3 /* Sources */ = {
			isa = PBXSourcesBuildPhase;
			buildActionMask = 2147483647;
			files = (
				D666DF48200552CF0038E0F1 /* ProfileViewController.swift in Sources */,
				D6D7CA7C20054386000A6808 /* RoundImageView.swift in Sources */,
				D63154312006579B00CCCE90 /* AuthServices.swift in Sources */,
				D69887541FFE5DF500C829D3 /* LoginViewController.swift in Sources */,
				D69887521FFE5DF500C829D3 /* AppDelegate.swift in Sources */,
				D63154332006674700CCCE90 /* Config.swift in Sources */,
				D6397D592007F4920029B072 /* ProgressHUD.m in Sources */,
				D631543720069CF300CCCE90 /* RoundButton.swift in Sources */,
				D65452782002AF2A00F652BE /* SignUpViewController.swift in Sources */,
				D63154352006979200CCCE90 /* CreatePostViewController.swift in Sources */,
				D698875A1FFE5DF500C829D3 /* Swecchta.xcdatamodeld in Sources */,
			);
			runOnlyForDeploymentPostprocessing = 0;
		};
/* End PBXSourcesBuildPhase section */

/* Begin PBXVariantGroup section */
		D69887551FFE5DF500C829D3 /* Start.storyboard */ = {
			isa = PBXVariantGroup;
			children = (
				D69887561FFE5DF500C829D3 /* Base */,
			);
			name = Start.storyboard;
			sourceTree = "<group>";
		};
		D698875D1FFE5DF500C829D3 /* LaunchScreen.storyboard */ = {
			isa = PBXVariantGroup;
			children = (
				D698875E1FFE5DF500C829D3 /* Base */,
			);
			name = LaunchScreen.storyboard;
			sourceTree = "<group>";
		};
/* End PBXVariantGroup section */

/* Begin XCBuildConfiguration section */
		D69887611FFE5DF500C829D3 /* Debug */ = {
			isa = XCBuildConfiguration;
			buildSettings = {
				ALWAYS_SEARCH_USER_PATHS = NO;
				CLANG_ANALYZER_NONNULL = YES;
				CLANG_ANALYZER_NUMBER_OBJECT_CONVERSION = YES_AGGRESSIVE;
				CLANG_CXX_LANGUAGE_STANDARD = "gnu++14";
				CLANG_CXX_LIBRARY = "libc++";
				CLANG_ENABLE_MODULES = YES;
				CLANG_ENABLE_OBJC_ARC = YES;
				CLANG_WARN_BLOCK_CAPTURE_AUTORELEASING = YES;
				CLANG_WARN_BOOL_CONVERSION = YES;
				CLANG_WARN_COMMA = YES;
				CLANG_WARN_CONSTANT_CONVERSION = YES;
				CLANG_WARN_DIRECT_OBJC_ISA_USAGE = YES_ERROR;
				CLANG_WARN_DOCUMENTATION_COMMENTS = YES;
				CLANG_WARN_EMPTY_BODY = YES;
				CLANG_WARN_ENUM_CONVERSION = YES;
				CLANG_WARN_INFINITE_RECURSION = YES;
				CLANG_WARN_INT_CONVERSION = YES;
				CLANG_WARN_NON_LITERAL_NULL_CONVERSION = YES;
				CLANG_WARN_OBJC_LITERAL_CONVERSION = YES;
				CLANG_WARN_OBJC_ROOT_CLASS = YES_ERROR;
				CLANG_WARN_RANGE_LOOP_ANALYSIS = YES;
				CLANG_WARN_STRICT_PROTOTYPES = YES;
				CLANG_WARN_SUSPICIOUS_MOVE = YES;
				CLANG_WARN_UNGUARDED_AVAILABILITY = YES_AGGRESSIVE;
				CLANG_WARN_UNREACHABLE_CODE = YES;
				CLANG_WARN__DUPLICATE_METHOD_MATCH = YES;
				CODE_SIGN_IDENTITY = "iPhone Developer";
				COPY_PHASE_STRIP = NO;
				DEBUG_INFORMATION_FORMAT = dwarf;
				ENABLE_STRICT_OBJC_MSGSEND = YES;
				ENABLE_TESTABILITY = YES;
				GCC_C_LANGUAGE_STANDARD = gnu11;
				GCC_DYNAMIC_NO_PIC = NO;
				GCC_NO_COMMON_BLOCKS = YES;
				GCC_OPTIMIZATION_LEVEL = 0;
				GCC_PREPROCESSOR_DEFINITIONS = (
					"DEBUG=1",
					"$(inherited)",
				);
				GCC_WARN_64_TO_32_BIT_CONVERSION = YES;
				GCC_WARN_ABOUT_RETURN_TYPE = YES_ERROR;
				GCC_WARN_UNDECLARED_SELECTOR = YES;
				GCC_WARN_UNINITIALIZED_AUTOS = YES_AGGRESSIVE;
				GCC_WARN_UNUSED_FUNCTION = YES;
				GCC_WARN_UNUSED_VARIABLE = YES;
				IPHONEOS_DEPLOYMENT_TARGET = 11.2;
				MTL_ENABLE_DEBUG_INFO = YES;
				ONLY_ACTIVE_ARCH = YES;
				SDKROOT = iphoneos;
				SWIFT_ACTIVE_COMPILATION_CONDITIONS = DEBUG;
				SWIFT_OPTIMIZATION_LEVEL = "-Onone";
			};
			name = Debug;
		};
		D69887621FFE5DF500C829D3 /* Release */ = {
			isa = XCBuildConfiguration;
			buildSettings = {
				ALWAYS_SEARCH_USER_PATHS = NO;
				CLANG_ANALYZER_NONNULL = YES;
				CLANG_ANALYZER_NUMBER_OBJECT_CONVERSION = YES_AGGRESSIVE;
				CLANG_CXX_LANGUAGE_STANDARD = "gnu++14";
				CLANG_CXX_LIBRARY = "libc++";
				CLANG_ENABLE_MODULES = YES;
				CLANG_ENABLE_OBJC_ARC = YES;
				CLANG_WARN_BLOCK_CAPTURE_AUTORELEASING = YES;
				CLANG_WARN_BOOL_CONVERSION = YES;
				CLANG_WARN_COMMA = YES;
				CLANG_WARN_CONSTANT_CONVERSION = YES;
				CLANG_WARN_DIRECT_OBJC_ISA_USAGE = YES_ERROR;
				CLANG_WARN_DOCUMENTATION_COMMENTS = YES;
				CLANG_WARN_EMPTY_BODY = YES;
				CLANG_WARN_ENUM_CONVERSION = YES;
				CLANG_WARN_INFINITE_RECURSION = YES;
				CLANG_WARN_INT_CONVERSION = YES;
				CLANG_WARN_NON_LITERAL_NULL_CONVERSION = YES;
				CLANG_WARN_OBJC_LITERAL_CONVERSION = YES;
				CLANG_WARN_OBJC_ROOT_CLASS = YES_ERROR;
				CLANG_WARN_RANGE_LOOP_ANALYSIS = YES;
				CLANG_WARN_STRICT_PROTOTYPES = YES;
				CLANG_WARN_SUSPICIOUS_MOVE = YES;
				CLANG_WARN_UNGUARDED_AVAILABILITY = YES_AGGRESSIVE;
				CLANG_WARN_UNREACHABLE_CODE = YES;
				CLANG_WARN__DUPLICATE_METHOD_MATCH = YES;
				CODE_SIGN_IDENTITY = "iPhone Developer";
				COPY_PHASE_STRIP = NO;
				DEBUG_INFORMATION_FORMAT = "dwarf-with-dsym";
				ENABLE_NS_ASSERTIONS = NO;
				ENABLE_STRICT_OBJC_MSGSEND = YES;
				GCC_C_LANGUAGE_STANDARD = gnu11;
				GCC_NO_COMMON_BLOCKS = YES;
				GCC_WARN_64_TO_32_BIT_CONVERSION = YES;
				GCC_WARN_ABOUT_RETURN_TYPE = YES_ERROR;
				GCC_WARN_UNDECLARED_SELECTOR = YES;
				GCC_WARN_UNINITIALIZED_AUTOS = YES_AGGRESSIVE;
				GCC_WARN_UNUSED_FUNCTION = YES;
				GCC_WARN_UNUSED_VARIABLE = YES;
				IPHONEOS_DEPLOYMENT_TARGET = 11.2;
				MTL_ENABLE_DEBUG_INFO = NO;
				SDKROOT = iphoneos;
				SWIFT_OPTIMIZATION_LEVEL = "-Owholemodule";
				VALIDATE_PRODUCT = YES;
			};
			name = Release;
		};
		D69887641FFE5DF500C829D3 /* Debug */ = {
			isa = XCBuildConfiguration;
			baseConfigurationReference = BD1C19B9C88819EE11824DC1 /* Pods-Swecchta.debug.xcconfig */;
			buildSettings = {
				ASSETCATALOG_COMPILER_APPICON_NAME = AppIcon;
				CLANG_ENABLE_MODULES = YES;
				CODE_SIGN_ENTITLEMENTS = Swecchta/Swecchta.entitlements;
				CODE_SIGN_STYLE = Automatic;
				DEVELOPMENT_TEAM = 2CY38GJLA6;
				INFOPLIST_FILE = Swecchta/Info.plist;
				LD_RUNPATH_SEARCH_PATHS = "$(inherited) @executable_path/Frameworks";
				PRODUCT_BUNDLE_IDENTIFIER = In.VisionArray.Swecchta;
				PRODUCT_NAME = "$(TARGET_NAME)";
				SWIFT_OBJC_BRIDGING_HEADER = "Swecchta/Support Files/Swecchta-Bridging-Header.h";
				SWIFT_OPTIMIZATION_LEVEL = "-Onone";
				SWIFT_VERSION = 4.0;
				TARGETED_DEVICE_FAMILY = "1,2";
			};
			name = Debug;
		};
		D69887651FFE5DF500C829D3 /* Release */ = {
			isa = XCBuildConfiguration;
			baseConfigurationReference = 76DFD91DC4370C44C583E245 /* Pods-Swecchta.release.xcconfig */;
			buildSettings = {
				ASSETCATALOG_COMPILER_APPICON_NAME = AppIcon;
				CLANG_ENABLE_MODULES = YES;
				CODE_SIGN_ENTITLEMENTS = Swecchta/Swecchta.entitlements;
				CODE_SIGN_STYLE = Automatic;
				DEVELOPMENT_TEAM = 2CY38GJLA6;
				INFOPLIST_FILE = Swecchta/Info.plist;
				LD_RUNPATH_SEARCH_PATHS = "$(inherited) @executable_path/Frameworks";
				PRODUCT_BUNDLE_IDENTIFIER = In.VisionArray.Swecchta;
				PRODUCT_NAME = "$(TARGET_NAME)";
				SWIFT_OBJC_BRIDGING_HEADER = "Swecchta/Support Files/Swecchta-Bridging-Header.h";
				SWIFT_VERSION = 4.0;
				TARGETED_DEVICE_FAMILY = "1,2";
			};
			name = Release;
		};
/* End XCBuildConfiguration section */

/* Begin XCConfigurationList section */
		D69887491FFE5DF500C829D3 /* Build configuration list for PBXProject "Swecchta" */ = {
			isa = XCConfigurationList;
			buildConfigurations = (
				D69887611FFE5DF500C829D3 /* Debug */,
				D69887621FFE5DF500C829D3 /* Release */,
			);
			defaultConfigurationIsVisible = 0;
			defaultConfigurationName = Release;
		};
		D69887631FFE5DF500C829D3 /* Build configuration list for PBXNativeTarget "Swecchta" */ = {
			isa = XCConfigurationList;
			buildConfigurations = (
				D69887641FFE5DF500C829D3 /* Debug */,
				D69887651FFE5DF500C829D3 /* Release */,
			);
			defaultConfigurationIsVisible = 0;
			defaultConfigurationName = Release;
		};
/* End XCConfigurationList section */

/* Begin XCVersionGroup section */
		D69887581FFE5DF500C829D3 /* Swecchta.xcdatamodeld */ = {
			isa = XCVersionGroup;
			children = (
				D69887591FFE5DF500C829D3 /* Swecchta.xcdatamodel */,
			);
			currentVersion = D69887591FFE5DF500C829D3 /* Swecchta.xcdatamodel */;
			path = Swecchta.xcdatamodeld;
			sourceTree = "<group>";
			versionGroupType = wrapper.xcdatamodel;
		};
/* End XCVersionGroup section */
	};
	rootObject = D69887461FFE5DF500C829D3 /* Project object */;
}
