// !$*UTF8*$!
{
	archiveVersion = 1;
	classes = {
	};
	objectVersion = 48;
	objects = {

/* Begin PBXBuildFile section */
		6B61EE41A2C68EFFFC4C9989 /* Pods_Swecchta.framework in Frameworks */ = {isa = PBXBuildFile; fileRef = 9F91726A267286FE1B5EA092 /* Pods_Swecchta.framework */; };
		D600E8E4200FD542007C812A /* IdentifyDustbinViewController.swift in Sources */ = {isa = PBXBuildFile; fileRef = D600E8E3200FD542007C812A /* IdentifyDustbinViewController.swift */; };
		D600E8E6200FD5AA007C812A /* LocateDustbinViewController.swift in Sources */ = {isa = PBXBuildFile; fileRef = D600E8E5200FD5AA007C812A /* LocateDustbinViewController.swift */; };
		D601F85E2014BB7000CF3791 /* MarkerPopUpView.swift in Sources */ = {isa = PBXBuildFile; fileRef = D601F85D2014BB7000CF3791 /* MarkerPopUpView.swift */; };
		D601F8692014D07100CF3791 /* PreViewController.swift in Sources */ = {isa = PBXBuildFile; fileRef = D601F85F2014D06E00CF3791 /* PreViewController.swift */; };
		D601F86A2014D07100CF3791 /* output.mp4 in Resources */ = {isa = PBXBuildFile; fileRef = D601F8612014D06F00CF3791 /* output.mp4 */; };
		D601F86B2014D07100CF3791 /* output3.mp4 in Resources */ = {isa = PBXBuildFile; fileRef = D601F8622014D06F00CF3791 /* output3.mp4 */; };
		D601F86C2014D07100CF3791 /* output2.mp4 in Resources */ = {isa = PBXBuildFile; fileRef = D601F8632014D06F00CF3791 /* output2.mp4 */; };
		D601F86D2014D07100CF3791 /* ViewController.swift in Sources */ = {isa = PBXBuildFile; fileRef = D601F8642014D07000CF3791 /* ViewController.swift */; };
		D601F86E2014D07100CF3791 /* ContentViewController.swift in Sources */ = {isa = PBXBuildFile; fileRef = D601F8652014D07000CF3791 /* ContentViewController.swift */; };
		D601F86F2014D07100CF3791 /* SegmentedProgressBar.swift in Sources */ = {isa = PBXBuildFile; fileRef = D601F8672014D07100CF3791 /* SegmentedProgressBar.swift */; };
		D601F8702014D07100CF3791 /* usersCollectionViewCell.swift in Sources */ = {isa = PBXBuildFile; fileRef = D601F8682014D07100CF3791 /* usersCollectionViewCell.swift */; };
		D601F8A92015108400CF3791 /* PageContainer.swift in Sources */ = {isa = PBXBuildFile; fileRef = D601F8972015108400CF3791 /* PageContainer.swift */; };
		D601F8AA2015108400CF3791 /* PageViewItem.swift in Sources */ = {isa = PBXBuildFile; fileRef = D601F8992015108400CF3791 /* PageViewItem.swift */; };
		D601F8AB2015108400CF3791 /* PageView.swift in Sources */ = {isa = PBXBuildFile; fileRef = D601F89A2015108400CF3791 /* PageView.swift */; };
		D601F8AC2015108400CF3791 /* OnboardingContentView.swift in Sources */ = {isa = PBXBuildFile; fileRef = D601F89C2015108400CF3791 /* OnboardingContentView.swift */; };
		D601F8AD2015108400CF3791 /* OnboardingContantViewItem.swift in Sources */ = {isa = PBXBuildFile; fileRef = D601F89E2015108400CF3791 /* OnboardingContantViewItem.swift */; };
		D601F8AE2015108400CF3791 /* PaperOnboardingDelegate.swift in Sources */ = {isa = PBXBuildFile; fileRef = D601F89F2015108400CF3791 /* PaperOnboardingDelegate.swift */; };
		D601F8AF2015108400CF3791 /* FillAnimationView.swift in Sources */ = {isa = PBXBuildFile; fileRef = D601F8A12015108400CF3791 /* FillAnimationView.swift */; };
		D601F8B02015108400CF3791 /* PaperOnboardingDataSource.swift in Sources */ = {isa = PBXBuildFile; fileRef = D601F8A22015108400CF3791 /* PaperOnboardingDataSource.swift */; };
		D601F8B12015108400CF3791 /* GestureControl.swift in Sources */ = {isa = PBXBuildFile; fileRef = D601F8A42015108400CF3791 /* GestureControl.swift */; };
		D601F8B22015108400CF3791 /* PaperOnboarding.swift in Sources */ = {isa = PBXBuildFile; fileRef = D601F8A52015108400CF3791 /* PaperOnboarding.swift */; };
		D601F8B32015108400CF3791 /* ConstraintsHelper.swift in Sources */ = {isa = PBXBuildFile; fileRef = D601F8A72015108400CF3791 /* ConstraintsHelper.swift */; };
		D601F8B42015108400CF3791 /* Configuring.swift in Sources */ = {isa = PBXBuildFile; fileRef = D601F8A82015108400CF3791 /* Configuring.swift */; };
		D601F8B6201510C400CF3791 /* CreditsViewController.swift in Sources */ = {isa = PBXBuildFile; fileRef = D601F8B5201510C400CF3791 /* CreditsViewController.swift */; };
		D63154312006579B00CCCE90 /* AuthServices.swift in Sources */ = {isa = PBXBuildFile; fileRef = D63154302006579B00CCCE90 /* AuthServices.swift */; };
		D63154332006674700CCCE90 /* Config.swift in Sources */ = {isa = PBXBuildFile; fileRef = D63154322006674700CCCE90 /* Config.swift */; };
		D63154352006979200CCCE90 /* CreatePostViewController.swift in Sources */ = {isa = PBXBuildFile; fileRef = D63154342006979200CCCE90 /* CreatePostViewController.swift */; };
		D631543720069CF300CCCE90 /* RoundButton.swift in Sources */ = {isa = PBXBuildFile; fileRef = D631543620069CF300CCCE90 /* RoundButton.swift */; };
		D6397D592007F4920029B072 /* ProgressHUD.m in Sources */ = {isa = PBXBuildFile; fileRef = D6397D562007F4910029B072 /* ProgressHUD.m */; };
		D6397D5A2007F4920029B072 /* ProgressHUD.bundle in Resources */ = {isa = PBXBuildFile; fileRef = D6397D572007F4910029B072 /* ProgressHUD.bundle */; };
		D6419A5C20108D1A0097A80B /* ConfirmIdentifiedDustbinViewController.swift in Sources */ = {isa = PBXBuildFile; fileRef = D6419A5B20108D1A0097A80B /* ConfirmIdentifiedDustbinViewController.swift */; };
		D64E9A94201389BB0050C3AB /* User.swift in Sources */ = {isa = PBXBuildFile; fileRef = D64E9A93201389BB0050C3AB /* User.swift */; };
		D64E9AAF20139B820050C3AB /* IQTextView.swift in Sources */ = {isa = PBXBuildFile; fileRef = D64E9A9920139B820050C3AB /* IQTextView.swift */; };
		D64E9AB020139B820050C3AB /* IQPreviousNextView.swift in Sources */ = {isa = PBXBuildFile; fileRef = D64E9A9B20139B820050C3AB /* IQPreviousNextView.swift */; };
		D64E9AB120139B820050C3AB /* IQTitleBarButtonItem.swift in Sources */ = {isa = PBXBuildFile; fileRef = D64E9A9C20139B820050C3AB /* IQTitleBarButtonItem.swift */; };
		D64E9AB220139B820050C3AB /* IQBarButtonItem.swift in Sources */ = {isa = PBXBuildFile; fileRef = D64E9A9D20139B820050C3AB /* IQBarButtonItem.swift */; };
		D64E9AB320139B820050C3AB /* IQToolbar.swift in Sources */ = {isa = PBXBuildFile; fileRef = D64E9A9E20139B820050C3AB /* IQToolbar.swift */; };
		D64E9AB420139B820050C3AB /* IQUIView+IQKeyboardToolbar.swift in Sources */ = {isa = PBXBuildFile; fileRef = D64E9A9F20139B820050C3AB /* IQUIView+IQKeyboardToolbar.swift */; };
		D64E9AB520139B820050C3AB /* IQKeyboardManagerConstantsInternal.swift in Sources */ = {isa = PBXBuildFile; fileRef = D64E9AA120139B820050C3AB /* IQKeyboardManagerConstantsInternal.swift */; };
		D64E9AB620139B820050C3AB /* IQKeyboardManagerConstants.swift in Sources */ = {isa = PBXBuildFile; fileRef = D64E9AA220139B820050C3AB /* IQKeyboardManagerConstants.swift */; };
		D64E9AB720139B820050C3AB /* IQKeyboardManager.bundle in Resources */ = {isa = PBXBuildFile; fileRef = D64E9AA420139B820050C3AB /* IQKeyboardManager.bundle */; };
		D64E9AB820139B820050C3AB /* IQKeyboardReturnKeyHandler.swift in Sources */ = {isa = PBXBuildFile; fileRef = D64E9AA520139B820050C3AB /* IQKeyboardReturnKeyHandler.swift */; };
		D64E9AB920139B820050C3AB /* IQKeyboardManager.swift in Sources */ = {isa = PBXBuildFile; fileRef = D64E9AA620139B820050C3AB /* IQKeyboardManager.swift */; };
		D64E9ABA20139B820050C3AB /* IQUIWindow+Hierarchy.swift in Sources */ = {isa = PBXBuildFile; fileRef = D64E9AA920139B820050C3AB /* IQUIWindow+Hierarchy.swift */; };
		D64E9ABB20139B820050C3AB /* IQUIScrollView+Additions.swift in Sources */ = {isa = PBXBuildFile; fileRef = D64E9AAA20139B820050C3AB /* IQUIScrollView+Additions.swift */; };
		D64E9ABC20139B820050C3AB /* IQUIViewController+Additions.swift in Sources */ = {isa = PBXBuildFile; fileRef = D64E9AAB20139B820050C3AB /* IQUIViewController+Additions.swift */; };
		D64E9ABD20139B820050C3AB /* IQUITextFieldView+Additions.swift in Sources */ = {isa = PBXBuildFile; fileRef = D64E9AAC20139B820050C3AB /* IQUITextFieldView+Additions.swift */; };
		D64E9ABE20139B820050C3AB /* IQUIView+Hierarchy.swift in Sources */ = {isa = PBXBuildFile; fileRef = D64E9AAD20139B820050C3AB /* IQUIView+Hierarchy.swift */; };
		D64E9ABF20139B820050C3AB /* IQNSArray+Sort.swift in Sources */ = {isa = PBXBuildFile; fileRef = D64E9AAE20139B820050C3AB /* IQNSArray+Sort.swift */; };
		D64E9AC22013BB990050C3AB /* DustbinPoint.swift in Sources */ = {isa = PBXBuildFile; fileRef = D64E9AC12013BB990050C3AB /* DustbinPoint.swift */; };
		D654527620026E6200F652BE /* Main.storyboard in Resources */ = {isa = PBXBuildFile; fileRef = D654527520026E6200F652BE /* Main.storyboard */; };
		D65452782002AF2A00F652BE /* SignUpViewController.swift in Sources */ = {isa = PBXBuildFile; fileRef = D65452772002AF2900F652BE /* SignUpViewController.swift */; };
		D666DF48200552CF0038E0F1 /* ProfileViewController.swift in Sources */ = {isa = PBXBuildFile; fileRef = D666DF47200552CF0038E0F1 /* ProfileViewController.swift */; };
		D674579C200928A60071280B /* UserInfo.swift in Sources */ = {isa = PBXBuildFile; fileRef = D674579B200928A60071280B /* UserInfo.swift */; };
		D69887521FFE5DF500C829D3 /* AppDelegate.swift in Sources */ = {isa = PBXBuildFile; fileRef = D69887511FFE5DF500C829D3 /* AppDelegate.swift */; };
		D69887541FFE5DF500C829D3 /* LoginViewController.swift in Sources */ = {isa = PBXBuildFile; fileRef = D69887531FFE5DF500C829D3 /* LoginViewController.swift */; };
		D69887571FFE5DF500C829D3 /* Start.storyboard in Resources */ = {isa = PBXBuildFile; fileRef = D69887551FFE5DF500C829D3 /* Start.storyboard */; };
		D698875A1FFE5DF500C829D3 /* Swecchta.xcdatamodeld in Sources */ = {isa = PBXBuildFile; fileRef = D69887581FFE5DF500C829D3 /* Swecchta.xcdatamodeld */; };
		D698875C1FFE5DF500C829D3 /* Assets.xcassets in Resources */ = {isa = PBXBuildFile; fileRef = D698875B1FFE5DF500C829D3 /* Assets.xcassets */; };
		D698875F1FFE5DF500C829D3 /* LaunchScreen.storyboard in Resources */ = {isa = PBXBuildFile; fileRef = D698875D1FFE5DF500C829D3 /* LaunchScreen.storyboard */; };
		D69887671FFE80E500C829D3 /* GoogleService-Info.plist in Resources */ = {isa = PBXBuildFile; fileRef = D69887661FFE80E500C829D3 /* GoogleService-Info.plist */; };
		D6A6B3992010DE5300264354 /* LocationAddress.swift in Sources */ = {isa = PBXBuildFile; fileRef = D6A6B3982010DE5300264354 /* LocationAddress.swift */; };
		D6ADA23620036D1C00AFC03F /* AllPosts.storyboard in Resources */ = {isa = PBXBuildFile; fileRef = D6ADA23520036D1C00AFC03F /* AllPosts.storyboard */; };
		D6ADA23820036D3900AFC03F /* Inbox.storyboard in Resources */ = {isa = PBXBuildFile; fileRef = D6ADA23720036D3900AFC03F /* Inbox.storyboard */; };
		D6ADA23A20036D5300AFC03F /* CreatePost.storyboard in Resources */ = {isa = PBXBuildFile; fileRef = D6ADA23920036D5300AFC03F /* CreatePost.storyboard */; };
		D6ADA23C20036D6300AFC03F /* LocateDustbin.storyboard in Resources */ = {isa = PBXBuildFile; fileRef = D6ADA23B20036D6300AFC03F /* LocateDustbin.storyboard */; };
		D6ADA23E20036D7D00AFC03F /* Profile.storyboard in Resources */ = {isa = PBXBuildFile; fileRef = D6ADA23D20036D7D00AFC03F /* Profile.storyboard */; };
		D6D3FD782008C90300464793 /* AllPostsTableViewCell.swift in Sources */ = {isa = PBXBuildFile; fileRef = D6D3FD772008C90300464793 /* AllPostsTableViewCell.swift */; };
		D6D3FD7A2008C9E500464793 /* AllPostsViewController.swift in Sources */ = {isa = PBXBuildFile; fileRef = D6D3FD792008C9E500464793 /* AllPostsViewController.swift */; };
		D6D3FD7D2008D31A00464793 /* Post.swift in Sources */ = {isa = PBXBuildFile; fileRef = D6D3FD7C2008D31A00464793 /* Post.swift */; };
		D6D7CA7C20054386000A6808 /* RoundImageView.swift in Sources */ = {isa = PBXBuildFile; fileRef = D6D7CA7B20054386000A6808 /* RoundImageView.swift */; };
/* End PBXBuildFile section */

/* Begin PBXFileReference section */
		76DFD91DC4370C44C583E245 /* Pods-Swecchta.release.xcconfig */ = {isa = PBXFileReference; includeInIndex = 1; lastKnownFileType = text.xcconfig; name = "Pods-Swecchta.release.xcconfig"; path = "Pods/Target Support Files/Pods-Swecchta/Pods-Swecchta.release.xcconfig"; sourceTree = "<group>"; };
		9F91726A267286FE1B5EA092 /* Pods_Swecchta.framework */ = {isa = PBXFileReference; explicitFileType = wrapper.framework; includeInIndex = 0; path = Pods_Swecchta.framework; sourceTree = BUILT_PRODUCTS_DIR; };
		BD1C19B9C88819EE11824DC1 /* Pods-Swecchta.debug.xcconfig */ = {isa = PBXFileReference; includeInIndex = 1; lastKnownFileType = text.xcconfig; name = "Pods-Swecchta.debug.xcconfig"; path = "Pods/Target Support Files/Pods-Swecchta/Pods-Swecchta.debug.xcconfig"; sourceTree = "<group>"; };
		D600E8E3200FD542007C812A /* IdentifyDustbinViewController.swift */ = {isa = PBXFileReference; lastKnownFileType = sourcecode.swift; path = IdentifyDustbinViewController.swift; sourceTree = "<group>"; };
		D600E8E5200FD5AA007C812A /* LocateDustbinViewController.swift */ = {isa = PBXFileReference; lastKnownFileType = sourcecode.swift; path = LocateDustbinViewController.swift; sourceTree = "<group>"; };
		D601F85D2014BB7000CF3791 /* MarkerPopUpView.swift */ = {isa = PBXFileReference; lastKnownFileType = sourcecode.swift; path = MarkerPopUpView.swift; sourceTree = "<group>"; };
		D601F85F2014D06E00CF3791 /* PreViewController.swift */ = {isa = PBXFileReference; fileEncoding = 4; lastKnownFileType = sourcecode.swift; path = PreViewController.swift; sourceTree = "<group>"; };
		D601F8612014D06F00CF3791 /* output.mp4 */ = {isa = PBXFileReference; lastKnownFileType = file; path = output.mp4; sourceTree = "<group>"; };
		D601F8622014D06F00CF3791 /* output3.mp4 */ = {isa = PBXFileReference; lastKnownFileType = file; path = output3.mp4; sourceTree = "<group>"; };
		D601F8632014D06F00CF3791 /* output2.mp4 */ = {isa = PBXFileReference; lastKnownFileType = file; path = output2.mp4; sourceTree = "<group>"; };
		D601F8642014D07000CF3791 /* ViewController.swift */ = {isa = PBXFileReference; fileEncoding = 4; lastKnownFileType = sourcecode.swift; path = ViewController.swift; sourceTree = "<group>"; };
		D601F8652014D07000CF3791 /* ContentViewController.swift */ = {isa = PBXFileReference; fileEncoding = 4; lastKnownFileType = sourcecode.swift; path = ContentViewController.swift; sourceTree = "<group>"; };
		D601F8672014D07100CF3791 /* SegmentedProgressBar.swift */ = {isa = PBXFileReference; fileEncoding = 4; lastKnownFileType = sourcecode.swift; path = SegmentedProgressBar.swift; sourceTree = "<group>"; };
		D601F8682014D07100CF3791 /* usersCollectionViewCell.swift */ = {isa = PBXFileReference; fileEncoding = 4; lastKnownFileType = sourcecode.swift; path = usersCollectionViewCell.swift; sourceTree = "<group>"; };
		D601F8972015108400CF3791 /* PageContainer.swift */ = {isa = PBXFileReference; fileEncoding = 4; lastKnownFileType = sourcecode.swift; path = PageContainer.swift; sourceTree = "<group>"; };
		D601F8992015108400CF3791 /* PageViewItem.swift */ = {isa = PBXFileReference; fileEncoding = 4; lastKnownFileType = sourcecode.swift; path = PageViewItem.swift; sourceTree = "<group>"; };
		D601F89A2015108400CF3791 /* PageView.swift */ = {isa = PBXFileReference; fileEncoding = 4; lastKnownFileType = sourcecode.swift; path = PageView.swift; sourceTree = "<group>"; };
		D601F89C2015108400CF3791 /* OnboardingContentView.swift */ = {isa = PBXFileReference; fileEncoding = 4; lastKnownFileType = sourcecode.swift; path = OnboardingContentView.swift; sourceTree = "<group>"; };
		D601F89E2015108400CF3791 /* OnboardingContantViewItem.swift */ = {isa = PBXFileReference; fileEncoding = 4; lastKnownFileType = sourcecode.swift; path = OnboardingContantViewItem.swift; sourceTree = "<group>"; };
		D601F89F2015108400CF3791 /* PaperOnboardingDelegate.swift */ = {isa = PBXFileReference; fileEncoding = 4; lastKnownFileType = sourcecode.swift; path = PaperOnboardingDelegate.swift; sourceTree = "<group>"; };
		D601F8A12015108400CF3791 /* FillAnimationView.swift */ = {isa = PBXFileReference; fileEncoding = 4; lastKnownFileType = sourcecode.swift; path = FillAnimationView.swift; sourceTree = "<group>"; };
		D601F8A22015108400CF3791 /* PaperOnboardingDataSource.swift */ = {isa = PBXFileReference; fileEncoding = 4; lastKnownFileType = sourcecode.swift; path = PaperOnboardingDataSource.swift; sourceTree = "<group>"; };
		D601F8A42015108400CF3791 /* GestureControl.swift */ = {isa = PBXFileReference; fileEncoding = 4; lastKnownFileType = sourcecode.swift; path = GestureControl.swift; sourceTree = "<group>"; };
		D601F8A52015108400CF3791 /* PaperOnboarding.swift */ = {isa = PBXFileReference; fileEncoding = 4; lastKnownFileType = sourcecode.swift; path = PaperOnboarding.swift; sourceTree = "<group>"; };
		D601F8A72015108400CF3791 /* ConstraintsHelper.swift */ = {isa = PBXFileReference; fileEncoding = 4; lastKnownFileType = sourcecode.swift; path = ConstraintsHelper.swift; sourceTree = "<group>"; };
		D601F8A82015108400CF3791 /* Configuring.swift */ = {isa = PBXFileReference; fileEncoding = 4; lastKnownFileType = sourcecode.swift; path = Configuring.swift; sourceTree = "<group>"; };
		D601F8B5201510C400CF3791 /* CreditsViewController.swift */ = {isa = PBXFileReference; lastKnownFileType = sourcecode.swift; path = CreditsViewController.swift; sourceTree = "<group>"; };
		D62184AA2007F54100A8A8F0 /* Swecchta.entitlements */ = {isa = PBXFileReference; lastKnownFileType = text.plist.entitlements; path = Swecchta.entitlements; sourceTree = "<group>"; };
		D63154302006579B00CCCE90 /* AuthServices.swift */ = {isa = PBXFileReference; lastKnownFileType = sourcecode.swift; path = AuthServices.swift; sourceTree = "<group>"; };
		D63154322006674700CCCE90 /* Config.swift */ = {isa = PBXFileReference; lastKnownFileType = sourcecode.swift; path = Config.swift; sourceTree = "<group>"; };
		D63154342006979200CCCE90 /* CreatePostViewController.swift */ = {isa = PBXFileReference; lastKnownFileType = sourcecode.swift; path = CreatePostViewController.swift; sourceTree = "<group>"; };
		D631543620069CF300CCCE90 /* RoundButton.swift */ = {isa = PBXFileReference; fileEncoding = 4; lastKnownFileType = sourcecode.swift; path = RoundButton.swift; sourceTree = "<group>"; };
		D6397D552007F4900029B072 /* Swecchta-Bridging-Header.h */ = {isa = PBXFileReference; lastKnownFileType = sourcecode.c.h; path = "Swecchta-Bridging-Header.h"; sourceTree = "<group>"; };
		D6397D562007F4910029B072 /* ProgressHUD.m */ = {isa = PBXFileReference; fileEncoding = 4; lastKnownFileType = sourcecode.c.objc; path = ProgressHUD.m; sourceTree = "<group>"; };
		D6397D572007F4910029B072 /* ProgressHUD.bundle */ = {isa = PBXFileReference; lastKnownFileType = "wrapper.plug-in"; path = ProgressHUD.bundle; sourceTree = "<group>"; };
		D6397D582007F4920029B072 /* ProgressHUD.h */ = {isa = PBXFileReference; fileEncoding = 4; lastKnownFileType = sourcecode.c.h; path = ProgressHUD.h; sourceTree = "<group>"; };
		D6419A5B20108D1A0097A80B /* ConfirmIdentifiedDustbinViewController.swift */ = {isa = PBXFileReference; lastKnownFileType = sourcecode.swift; path = ConfirmIdentifiedDustbinViewController.swift; sourceTree = "<group>"; };
		D64E9A93201389BB0050C3AB /* User.swift */ = {isa = PBXFileReference; lastKnownFileType = sourcecode.swift; path = User.swift; sourceTree = "<group>"; };
		D64E9A9920139B820050C3AB /* IQTextView.swift */ = {isa = PBXFileReference; fileEncoding = 4; lastKnownFileType = sourcecode.swift; path = IQTextView.swift; sourceTree = "<group>"; };
		D64E9A9B20139B820050C3AB /* IQPreviousNextView.swift */ = {isa = PBXFileReference; fileEncoding = 4; lastKnownFileType = sourcecode.swift; path = IQPreviousNextView.swift; sourceTree = "<group>"; };
		D64E9A9C20139B820050C3AB /* IQTitleBarButtonItem.swift */ = {isa = PBXFileReference; fileEncoding = 4; lastKnownFileType = sourcecode.swift; path = IQTitleBarButtonItem.swift; sourceTree = "<group>"; };
		D64E9A9D20139B820050C3AB /* IQBarButtonItem.swift */ = {isa = PBXFileReference; fileEncoding = 4; lastKnownFileType = sourcecode.swift; path = IQBarButtonItem.swift; sourceTree = "<group>"; };
		D64E9A9E20139B820050C3AB /* IQToolbar.swift */ = {isa = PBXFileReference; fileEncoding = 4; lastKnownFileType = sourcecode.swift; path = IQToolbar.swift; sourceTree = "<group>"; };
		D64E9A9F20139B820050C3AB /* IQUIView+IQKeyboardToolbar.swift */ = {isa = PBXFileReference; fileEncoding = 4; lastKnownFileType = sourcecode.swift; path = "IQUIView+IQKeyboardToolbar.swift"; sourceTree = "<group>"; };
		D64E9AA120139B820050C3AB /* IQKeyboardManagerConstantsInternal.swift */ = {isa = PBXFileReference; fileEncoding = 4; lastKnownFileType = sourcecode.swift; path = IQKeyboardManagerConstantsInternal.swift; sourceTree = "<group>"; };
		D64E9AA220139B820050C3AB /* IQKeyboardManagerConstants.swift */ = {isa = PBXFileReference; fileEncoding = 4; lastKnownFileType = sourcecode.swift; path = IQKeyboardManagerConstants.swift; sourceTree = "<group>"; };
		D64E9AA420139B820050C3AB /* IQKeyboardManager.bundle */ = {isa = PBXFileReference; lastKnownFileType = "wrapper.plug-in"; path = IQKeyboardManager.bundle; sourceTree = "<group>"; };
		D64E9AA520139B820050C3AB /* IQKeyboardReturnKeyHandler.swift */ = {isa = PBXFileReference; fileEncoding = 4; lastKnownFileType = sourcecode.swift; path = IQKeyboardReturnKeyHandler.swift; sourceTree = "<group>"; };
		D64E9AA620139B820050C3AB /* IQKeyboardManager.swift */ = {isa = PBXFileReference; fileEncoding = 4; lastKnownFileType = sourcecode.swift; path = IQKeyboardManager.swift; sourceTree = "<group>"; };
		D64E9AA720139B820050C3AB /* IQKeyboardManagerSwift.h */ = {isa = PBXFileReference; fileEncoding = 4; lastKnownFileType = sourcecode.c.h; path = IQKeyboardManagerSwift.h; sourceTree = "<group>"; };
		D64E9AA920139B820050C3AB /* IQUIWindow+Hierarchy.swift */ = {isa = PBXFileReference; fileEncoding = 4; lastKnownFileType = sourcecode.swift; path = "IQUIWindow+Hierarchy.swift"; sourceTree = "<group>"; };
		D64E9AAA20139B820050C3AB /* IQUIScrollView+Additions.swift */ = {isa = PBXFileReference; fileEncoding = 4; lastKnownFileType = sourcecode.swift; path = "IQUIScrollView+Additions.swift"; sourceTree = "<group>"; };
		D64E9AAB20139B820050C3AB /* IQUIViewController+Additions.swift */ = {isa = PBXFileReference; fileEncoding = 4; lastKnownFileType = sourcecode.swift; path = "IQUIViewController+Additions.swift"; sourceTree = "<group>"; };
		D64E9AAC20139B820050C3AB /* IQUITextFieldView+Additions.swift */ = {isa = PBXFileReference; fileEncoding = 4; lastKnownFileType = sourcecode.swift; path = "IQUITextFieldView+Additions.swift"; sourceTree = "<group>"; };
		D64E9AAD20139B820050C3AB /* IQUIView+Hierarchy.swift */ = {isa = PBXFileReference; fileEncoding = 4; lastKnownFileType = sourcecode.swift; path = "IQUIView+Hierarchy.swift"; sourceTree = "<group>"; };
		D64E9AAE20139B820050C3AB /* IQNSArray+Sort.swift */ = {isa = PBXFileReference; fileEncoding = 4; lastKnownFileType = sourcecode.swift; path = "IQNSArray+Sort.swift"; sourceTree = "<group>"; };
		D64E9AC12013BB990050C3AB /* DustbinPoint.swift */ = {isa = PBXFileReference; lastKnownFileType = sourcecode.swift; path = DustbinPoint.swift; sourceTree = "<group>"; };
		D654527520026E6200F652BE /* Main.storyboard */ = {isa = PBXFileReference; fileEncoding = 4; lastKnownFileType = file.storyboard; path = Main.storyboard; sourceTree = "<group>"; };
		D65452772002AF2900F652BE /* SignUpViewController.swift */ = {isa = PBXFileReference; lastKnownFileType = sourcecode.swift; path = SignUpViewController.swift; sourceTree = "<group>"; };
		D666DF47200552CF0038E0F1 /* ProfileViewController.swift */ = {isa = PBXFileReference; lastKnownFileType = sourcecode.swift; path = ProfileViewController.swift; sourceTree = "<group>"; };
		D674579B200928A60071280B /* UserInfo.swift */ = {isa = PBXFileReference; lastKnownFileType = sourcecode.swift; path = UserInfo.swift; sourceTree = "<group>"; };
		D698874E1FFE5DF500C829D3 /* Swecchta.app */ = {isa = PBXFileReference; explicitFileType = wrapper.application; includeInIndex = 0; path = Swecchta.app; sourceTree = BUILT_PRODUCTS_DIR; };
		D69887511FFE5DF500C829D3 /* AppDelegate.swift */ = {isa = PBXFileReference; lastKnownFileType = sourcecode.swift; path = AppDelegate.swift; sourceTree = "<group>"; };
		D69887531FFE5DF500C829D3 /* LoginViewController.swift */ = {isa = PBXFileReference; lastKnownFileType = sourcecode.swift; path = LoginViewController.swift; sourceTree = "<group>"; };
		D69887561FFE5DF500C829D3 /* Base */ = {isa = PBXFileReference; lastKnownFileType = file.storyboard; name = Base; path = Base.lproj/Start.storyboard; sourceTree = "<group>"; };
		D69887591FFE5DF500C829D3 /* Swecchta.xcdatamodel */ = {isa = PBXFileReference; lastKnownFileType = wrapper.xcdatamodel; path = Swecchta.xcdatamodel; sourceTree = "<group>"; };
		D698875B1FFE5DF500C829D3 /* Assets.xcassets */ = {isa = PBXFileReference; lastKnownFileType = folder.assetcatalog; path = Assets.xcassets; sourceTree = "<group>"; };
		D698875E1FFE5DF500C829D3 /* Base */ = {isa = PBXFileReference; lastKnownFileType = file.storyboard; name = Base; path = Base.lproj/LaunchScreen.storyboard; sourceTree = "<group>"; };
		D69887601FFE5DF500C829D3 /* Info.plist */ = {isa = PBXFileReference; lastKnownFileType = text.plist.xml; path = Info.plist; sourceTree = "<group>"; };
		D69887661FFE80E500C829D3 /* GoogleService-Info.plist */ = {isa = PBXFileReference; fileEncoding = 4; lastKnownFileType = text.plist.xml; path = "GoogleService-Info.plist"; sourceTree = "<group>"; };
		D6A6B3982010DE5300264354 /* LocationAddress.swift */ = {isa = PBXFileReference; lastKnownFileType = sourcecode.swift; path = LocationAddress.swift; sourceTree = "<group>"; };
		D6ADA23520036D1C00AFC03F /* AllPosts.storyboard */ = {isa = PBXFileReference; fileEncoding = 4; lastKnownFileType = file.storyboard; path = AllPosts.storyboard; sourceTree = "<group>"; };
		D6ADA23720036D3900AFC03F /* Inbox.storyboard */ = {isa = PBXFileReference; fileEncoding = 4; lastKnownFileType = file.storyboard; path = Inbox.storyboard; sourceTree = "<group>"; };
		D6ADA23920036D5300AFC03F /* CreatePost.storyboard */ = {isa = PBXFileReference; fileEncoding = 4; lastKnownFileType = file.storyboard; path = CreatePost.storyboard; sourceTree = "<group>"; };
		D6ADA23B20036D6300AFC03F /* LocateDustbin.storyboard */ = {isa = PBXFileReference; fileEncoding = 4; lastKnownFileType = file.storyboard; path = LocateDustbin.storyboard; sourceTree = "<group>"; };
		D6ADA23D20036D7D00AFC03F /* Profile.storyboard */ = {isa = PBXFileReference; fileEncoding = 4; lastKnownFileType = file.storyboard; path = Profile.storyboard; sourceTree = "<group>"; };
		D6D3FD772008C90300464793 /* AllPostsTableViewCell.swift */ = {isa = PBXFileReference; lastKnownFileType = sourcecode.swift; path = AllPostsTableViewCell.swift; sourceTree = "<group>"; };
		D6D3FD792008C9E500464793 /* AllPostsViewController.swift */ = {isa = PBXFileReference; lastKnownFileType = sourcecode.swift; path = AllPostsViewController.swift; sourceTree = "<group>"; };
		D6D3FD7C2008D31A00464793 /* Post.swift */ = {isa = PBXFileReference; lastKnownFileType = sourcecode.swift; path = Post.swift; sourceTree = "<group>"; };
		D6D7CA7B20054386000A6808 /* RoundImageView.swift */ = {isa = PBXFileReference; lastKnownFileType = sourcecode.swift; path = RoundImageView.swift; sourceTree = "<group>"; };
/* End PBXFileReference section */

/* Begin PBXFrameworksBuildPhase section */
		D698874B1FFE5DF500C829D3 /* Frameworks */ = {
			isa = PBXFrameworksBuildPhase;
			buildActionMask = 2147483647;
			files = (
				6B61EE41A2C68EFFFC4C9989 /* Pods_Swecchta.framework in Frameworks */,
			);
			runOnlyForDeploymentPostprocessing = 0;
		};
/* End PBXFrameworksBuildPhase section */

/* Begin PBXGroup section */
		AC1C5308E799C48BBF718040 /* Pods */ = {
			isa = PBXGroup;
			children = (
				BD1C19B9C88819EE11824DC1 /* Pods-Swecchta.debug.xcconfig */,
				76DFD91DC4370C44C583E245 /* Pods-Swecchta.release.xcconfig */,
			);
			name = Pods;
			sourceTree = "<group>";
		};
		D601F8602014D06F00CF3791 /* videos */ = {
			isa = PBXGroup;
			children = (
				D601F8612014D06F00CF3791 /* output.mp4 */,
				D601F8622014D06F00CF3791 /* output3.mp4 */,
				D601F8632014D06F00CF3791 /* output2.mp4 */,
			);
			path = videos;
			sourceTree = "<group>";
		};
		D601F8662014D07100CF3791 /* class */ = {
			isa = PBXGroup;
			children = (
				D601F8672014D07100CF3791 /* SegmentedProgressBar.swift */,
				D601F8682014D07100CF3791 /* usersCollectionViewCell.swift */,
			);
			path = class;
			sourceTree = "<group>";
		};
		D601F8942015108400CF3791 /* PaperOnboarding */ = {
			isa = PBXGroup;
			children = (
				D601F8952015108400CF3791 /* PageView */,
				D601F89B2015108400CF3791 /* OnboardingContentView */,
				D601F89F2015108400CF3791 /* PaperOnboardingDelegate.swift */,
				D601F8A02015108400CF3791 /* FillAnimationView */,
				D601F8A22015108400CF3791 /* PaperOnboardingDataSource.swift */,
				D601F8A32015108400CF3791 /* GestureControl */,
				D601F8A52015108400CF3791 /* PaperOnboarding.swift */,
				D601F8A62015108400CF3791 /* Helpers */,
			);
			name = PaperOnboarding;
			path = "../../../../../Downloads/paper-onboarding-master/PaperOnboarding";
			sourceTree = "<group>";
		};
		D601F8952015108400CF3791 /* PageView */ = {
			isa = PBXGroup;
			children = (
				D601F8962015108400CF3791 /* PageContainerView */,
				D601F8982015108400CF3791 /* Item */,
				D601F89A2015108400CF3791 /* PageView.swift */,
			);
			path = PageView;
			sourceTree = "<group>";
		};
		D601F8962015108400CF3791 /* PageContainerView */ = {
			isa = PBXGroup;
			children = (
				D601F8972015108400CF3791 /* PageContainer.swift */,
			);
			path = PageContainerView;
			sourceTree = "<group>";
		};
		D601F8982015108400CF3791 /* Item */ = {
			isa = PBXGroup;
			children = (
				D601F8992015108400CF3791 /* PageViewItem.swift */,
			);
			path = Item;
			sourceTree = "<group>";
		};
		D601F89B2015108400CF3791 /* OnboardingContentView */ = {
			isa = PBXGroup;
			children = (
				D601F89C2015108400CF3791 /* OnboardingContentView.swift */,
				D601F89D2015108400CF3791 /* Item */,
			);
			path = OnboardingContentView;
			sourceTree = "<group>";
		};
		D601F89D2015108400CF3791 /* Item */ = {
			isa = PBXGroup;
			children = (
				D601F89E2015108400CF3791 /* OnboardingContantViewItem.swift */,
			);
			path = Item;
			sourceTree = "<group>";
		};
		D601F8A02015108400CF3791 /* FillAnimationView */ = {
			isa = PBXGroup;
			children = (
				D601F8A12015108400CF3791 /* FillAnimationView.swift */,
			);
			path = FillAnimationView;
			sourceTree = "<group>";
		};
		D601F8A32015108400CF3791 /* GestureControl */ = {
			isa = PBXGroup;
			children = (
				D601F8A42015108400CF3791 /* GestureControl.swift */,
			);
			path = GestureControl;
			sourceTree = "<group>";
		};
		D601F8A62015108400CF3791 /* Helpers */ = {
			isa = PBXGroup;
			children = (
				D601F8A72015108400CF3791 /* ConstraintsHelper.swift */,
				D601F8A82015108400CF3791 /* Configuring.swift */,
			);
			path = Helpers;
			sourceTree = "<group>";
		};
		D64E9A9720139B820050C3AB /* IQKeyboardManagerSwift */ = {
			isa = PBXGroup;
			children = (
				D64E9A9820139B820050C3AB /* IQTextView */,
				D64E9A9A20139B820050C3AB /* IQToolbar */,
				D64E9AA020139B820050C3AB /* Constants */,
				D64E9AA320139B820050C3AB /* Resources */,
				D64E9AA520139B820050C3AB /* IQKeyboardReturnKeyHandler.swift */,
				D64E9AA620139B820050C3AB /* IQKeyboardManager.swift */,
				D64E9AA720139B820050C3AB /* IQKeyboardManagerSwift.h */,
				D64E9AA820139B820050C3AB /* Categories */,
			);
			path = IQKeyboardManagerSwift;
			sourceTree = "<group>";
		};
		D64E9A9820139B820050C3AB /* IQTextView */ = {
			isa = PBXGroup;
			children = (
				D64E9A9920139B820050C3AB /* IQTextView.swift */,
			);
			path = IQTextView;
			sourceTree = "<group>";
		};
		D64E9A9A20139B820050C3AB /* IQToolbar */ = {
			isa = PBXGroup;
			children = (
				D64E9A9B20139B820050C3AB /* IQPreviousNextView.swift */,
				D64E9A9C20139B820050C3AB /* IQTitleBarButtonItem.swift */,
				D64E9A9D20139B820050C3AB /* IQBarButtonItem.swift */,
				D64E9A9E20139B820050C3AB /* IQToolbar.swift */,
				D64E9A9F20139B820050C3AB /* IQUIView+IQKeyboardToolbar.swift */,
			);
			path = IQToolbar;
			sourceTree = "<group>";
		};
		D64E9AA020139B820050C3AB /* Constants */ = {
			isa = PBXGroup;
			children = (
				D64E9AA120139B820050C3AB /* IQKeyboardManagerConstantsInternal.swift */,
				D64E9AA220139B820050C3AB /* IQKeyboardManagerConstants.swift */,
			);
			path = Constants;
			sourceTree = "<group>";
		};
		D64E9AA320139B820050C3AB /* Resources */ = {
			isa = PBXGroup;
			children = (
				D64E9AA420139B820050C3AB /* IQKeyboardManager.bundle */,
			);
			path = Resources;
			sourceTree = "<group>";
		};
		D64E9AA820139B820050C3AB /* Categories */ = {
			isa = PBXGroup;
			children = (
				D64E9AA920139B820050C3AB /* IQUIWindow+Hierarchy.swift */,
				D64E9AAA20139B820050C3AB /* IQUIScrollView+Additions.swift */,
				D64E9AAB20139B820050C3AB /* IQUIViewController+Additions.swift */,
				D64E9AAC20139B820050C3AB /* IQUITextFieldView+Additions.swift */,
				D64E9AAD20139B820050C3AB /* IQUIView+Hierarchy.swift */,
				D64E9AAE20139B820050C3AB /* IQNSArray+Sort.swift */,
			);
			path = Categories;
			sourceTree = "<group>";
		};
		D68DFF972007596E0031813C /* Support Files */ = {
			isa = PBXGroup;
			children = (
				D601F8942015108400CF3791 /* PaperOnboarding */,
				D64E9A9720139B820050C3AB /* IQKeyboardManagerSwift */,
				D69887511FFE5DF500C829D3 /* AppDelegate.swift */,
				D63154302006579B00CCCE90 /* AuthServices.swift */,
				D63154322006674700CCCE90 /* Config.swift */,
				D64E9A93201389BB0050C3AB /* User.swift */,
				D674579B200928A60071280B /* UserInfo.swift */,
				D6D3FD7B2008D30B00464793 /* Model */,
				D6D7CA7B20054386000A6808 /* RoundImageView.swift */,
				D631543620069CF300CCCE90 /* RoundButton.swift */,
				D69887581FFE5DF500C829D3 /* Swecchta.xcdatamodeld */,
				D6397D572007F4910029B072 /* ProgressHUD.bundle */,
				D6397D582007F4920029B072 /* ProgressHUD.h */,
				D6397D562007F4910029B072 /* ProgressHUD.m */,
				D6397D552007F4900029B072 /* Swecchta-Bridging-Header.h */,
			);
			path = "Support Files";
			sourceTree = "<group>";
		};
		D68DFF982007598B0031813C /* View Controllers */ = {
			isa = PBXGroup;
			children = (
				D69887531FFE5DF500C829D3 /* LoginViewController.swift */,
				D65452772002AF2900F652BE /* SignUpViewController.swift */,
				D601F8B5201510C400CF3791 /* CreditsViewController.swift */,
				D6D3FD772008C90300464793 /* AllPostsTableViewCell.swift */,
				D6D3FD792008C9E500464793 /* AllPostsViewController.swift */,
				D666DF47200552CF0038E0F1 /* ProfileViewController.swift */,
				D63154342006979200CCCE90 /* CreatePostViewController.swift */,
				D600E8E3200FD542007C812A /* IdentifyDustbinViewController.swift */,
				D6419A5B20108D1A0097A80B /* ConfirmIdentifiedDustbinViewController.swift */,
				D600E8E5200FD5AA007C812A /* LocateDustbinViewController.swift */,
				D601F85D2014BB7000CF3791 /* MarkerPopUpView.swift */,
			);
			path = "View Controllers";
			sourceTree = "<group>";
		};
		D69887451FFE5DF500C829D3 = {
			isa = PBXGroup;
			children = (
				D69887501FFE5DF500C829D3 /* Swecchta */,
				D698874F1FFE5DF500C829D3 /* Products */,
				AC1C5308E799C48BBF718040 /* Pods */,
				F96A6C49FD6B90927AA3A4BC /* Frameworks */,
			);
			sourceTree = "<group>";
		};
		D698874F1FFE5DF500C829D3 /* Products */ = {
			isa = PBXGroup;
			children = (
				D698874E1FFE5DF500C829D3 /* Swecchta.app */,
			);
			name = Products;
			sourceTree = "<group>";
		};
		D69887501FFE5DF500C829D3 /* Swecchta */ = {
			isa = PBXGroup;
			children = (
				D601F8662014D07100CF3791 /* class */,
				D601F8652014D07000CF3791 /* ContentViewController.swift */,
				D601F85F2014D06E00CF3791 /* PreViewController.swift */,
				D601F8602014D06F00CF3791 /* videos */,
				D601F8642014D07000CF3791 /* ViewController.swift */,
				D62184AA2007F54100A8A8F0 /* Swecchta.entitlements */,
				D69887661FFE80E500C829D3 /* GoogleService-Info.plist */,
				D69887601FFE5DF500C829D3 /* Info.plist */,
				D68DFF972007596E0031813C /* Support Files */,
				D68DFF982007598B0031813C /* View Controllers */,
				D6ADA23F2003711F00AFC03F /* Storyboards */,
				D698875B1FFE5DF500C829D3 /* Assets.xcassets */,
			);
			path = Swecchta;
			sourceTree = "<group>";
		};
		D6ADA23F2003711F00AFC03F /* Storyboards */ = {
			isa = PBXGroup;
			children = (
				D69887551FFE5DF500C829D3 /* Start.storyboard */,
				D654527520026E6200F652BE /* Main.storyboard */,
				D6ADA23D20036D7D00AFC03F /* Profile.storyboard */,
				D6ADA23B20036D6300AFC03F /* LocateDustbin.storyboard */,
				D6ADA23920036D5300AFC03F /* CreatePost.storyboard */,
				D6ADA23720036D3900AFC03F /* Inbox.storyboard */,
				D6ADA23520036D1C00AFC03F /* AllPosts.storyboard */,
				D698875D1FFE5DF500C829D3 /* LaunchScreen.storyboard */,
			);
			path = Storyboards;
			sourceTree = "<group>";
		};
		D6D3FD7B2008D30B00464793 /* Model */ = {
			isa = PBXGroup;
			children = (
				D6D3FD7C2008D31A00464793 /* Post.swift */,
				D64E9AC12013BB990050C3AB /* DustbinPoint.swift */,
				D6A6B3982010DE5300264354 /* LocationAddress.swift */,
			);
			path = Model;
			sourceTree = "<group>";
		};
		F96A6C49FD6B90927AA3A4BC /* Frameworks */ = {
			isa = PBXGroup;
			children = (
				9F91726A267286FE1B5EA092 /* Pods_Swecchta.framework */,
			);
			name = Frameworks;
			sourceTree = "<group>";
		};
/* End PBXGroup section */

/* Begin PBXNativeTarget section */
		D698874D1FFE5DF500C829D3 /* Swecchta */ = {
			isa = PBXNativeTarget;
			buildConfigurationList = D69887631FFE5DF500C829D3 /* Build configuration list for PBXNativeTarget "Swecchta" */;
			buildPhases = (
				FDCD61EE7A07D79E8B3EEB2C /* [CP] Check Pods Manifest.lock */,
				D698874A1FFE5DF500C829D3 /* Sources */,
				D698874B1FFE5DF500C829D3 /* Frameworks */,
				D698874C1FFE5DF500C829D3 /* Resources */,
				EE4EA4344190A58511674156 /* [CP] Embed Pods Frameworks */,
				8BB3A31C27874D6495D47281 /* [CP] Copy Pods Resources */,
			);
			buildRules = (
			);
			dependencies = (
			);
			name = Swecchta;
			productName = Swecchta;
			productReference = D698874E1FFE5DF500C829D3 /* Swecchta.app */;
			productType = "com.apple.product-type.application";
		};
/* End PBXNativeTarget section */

/* Begin PBXProject section */
		D69887461FFE5DF500C829D3 /* Project object */ = {
			isa = PBXProject;
			attributes = {
				LastSwiftUpdateCheck = 0920;
				LastUpgradeCheck = 0920;
				ORGANIZATIONNAME = VisionArray;
				TargetAttributes = {
					D698874D1FFE5DF500C829D3 = {
						CreatedOnToolsVersion = 9.2;
						LastSwiftMigration = 0920;
						ProvisioningStyle = Automatic;
						SystemCapabilities = {
							com.apple.Keychain = {
								enabled = 1;
							};
						};
					};
				};
			};
			buildConfigurationList = D69887491FFE5DF500C829D3 /* Build configuration list for PBXProject "Swecchta" */;
			compatibilityVersion = "Xcode 8.0";
			developmentRegion = en;
			hasScannedForEncodings = 0;
			knownRegions = (
				en,
				Base,
			);
			mainGroup = D69887451FFE5DF500C829D3;
			productRefGroup = D698874F1FFE5DF500C829D3 /* Products */;
			projectDirPath = "";
			projectRoot = "";
			targets = (
				D698874D1FFE5DF500C829D3 /* Swecchta */,
			);
		};
/* End PBXProject section */

/* Begin PBXResourcesBuildPhase section */
		D698874C1FFE5DF500C829D3 /* Resources */ = {
			isa = PBXResourcesBuildPhase;
			buildActionMask = 2147483647;
			files = (
				D6397D5A2007F4920029B072 /* ProgressHUD.bundle in Resources */,
				D698875F1FFE5DF500C829D3 /* LaunchScreen.storyboard in Resources */,
				D601F86C2014D07100CF3791 /* output2.mp4 in Resources */,
				D601F86B2014D07100CF3791 /* output3.mp4 in Resources */,
				D64E9AB720139B820050C3AB /* IQKeyboardManager.bundle in Resources */,
				D654527620026E6200F652BE /* Main.storyboard in Resources */,
				D6ADA23E20036D7D00AFC03F /* Profile.storyboard in Resources */,
				D601F86A2014D07100CF3791 /* output.mp4 in Resources */,
				D69887671FFE80E500C829D3 /* GoogleService-Info.plist in Resources */,
				D698875C1FFE5DF500C829D3 /* Assets.xcassets in Resources */,
				D6ADA23820036D3900AFC03F /* Inbox.storyboard in Resources */,
				D6ADA23620036D1C00AFC03F /* AllPosts.storyboard in Resources */,
				D6ADA23A20036D5300AFC03F /* CreatePost.storyboard in Resources */,
				D69887571FFE5DF500C829D3 /* Start.storyboard in Resources */,
				D6ADA23C20036D6300AFC03F /* LocateDustbin.storyboard in Resources */,
			);
			runOnlyForDeploymentPostprocessing = 0;
		};
/* End PBXResourcesBuildPhase section */

/* Begin PBXShellScriptBuildPhase section */
		8BB3A31C27874D6495D47281 /* [CP] Copy Pods Resources */ = {
			isa = PBXShellScriptBuildPhase;
			buildActionMask = 2147483647;
			files = (
			);
			inputPaths = (
				"${SRCROOT}/Pods/Target Support Files/Pods-Swecchta/Pods-Swecchta-resources.sh",
				"${PODS_ROOT}/GoogleMaps/Maps/Frameworks/GoogleMaps.framework/Versions/A/Resources/GoogleMaps.bundle",
				"${PODS_ROOT}/GooglePlacePicker/Frameworks/GooglePlacePicker.framework/Versions/A/Resources/GooglePlacePicker.bundle",
				"${PODS_ROOT}/GooglePlaces/Frameworks/GooglePlaces.framework/Versions/A/Resources/GooglePlaces.bundle",
			);
			name = "[CP] Copy Pods Resources";
			outputPaths = (
				"${TARGET_BUILD_DIR}/${UNLOCALIZED_RESOURCES_FOLDER_PATH}",
			);
			runOnlyForDeploymentPostprocessing = 0;
			shellPath = /bin/sh;
			shellScript = "\"${SRCROOT}/Pods/Target Support Files/Pods-Swecchta/Pods-Swecchta-resources.sh\"\n";
			showEnvVarsInLog = 0;
		};
		EE4EA4344190A58511674156 /* [CP] Embed Pods Frameworks */ = {
			isa = PBXShellScriptBuildPhase;
			buildActionMask = 2147483647;
			files = (
			);
			inputPaths = (
				"${SRCROOT}/Pods/Target Support Files/Pods-Swecchta/Pods-Swecchta-frameworks.sh",
				"${BUILT_PRODUCTS_DIR}/Bolts/Bolts.framework",
				"${BUILT_PRODUCTS_DIR}/FBSDKCoreKit/FBSDKCoreKit.framework",
				"${BUILT_PRODUCTS_DIR}/FBSDKLoginKit/FBSDKLoginKit.framework",
				"${BUILT_PRODUCTS_DIR}/FBSDKShareKit/FBSDKShareKit.framework",
				"${BUILT_PRODUCTS_DIR}/GTMSessionFetcher/GTMSessionFetcher.framework",
				"${BUILT_PRODUCTS_DIR}/GoogleToolboxForMac/GoogleToolboxForMac.framework",
				"${BUILT_PRODUCTS_DIR}/SDWebImage/SDWebImage.framework",
				"${BUILT_PRODUCTS_DIR}/SwiftSpinner/SwiftSpinner.framework",
			);
			name = "[CP] Embed Pods Frameworks";
			outputPaths = (
				"${TARGET_BUILD_DIR}/${FRAMEWORKS_FOLDER_PATH}/Bolts.framework",
				"${TARGET_BUILD_DIR}/${FRAMEWORKS_FOLDER_PATH}/FBSDKCoreKit.framework",
				"${TARGET_BUILD_DIR}/${FRAMEWORKS_FOLDER_PATH}/FBSDKLoginKit.framework",
				"${TARGET_BUILD_DIR}/${FRAMEWORKS_FOLDER_PATH}/FBSDKShareKit.framework",
				"${TARGET_BUILD_DIR}/${FRAMEWORKS_FOLDER_PATH}/GTMSessionFetcher.framework",
				"${TARGET_BUILD_DIR}/${FRAMEWORKS_FOLDER_PATH}/GoogleToolboxForMac.framework",
				"${TARGET_BUILD_DIR}/${FRAMEWORKS_FOLDER_PATH}/SDWebImage.framework",
				"${TARGET_BUILD_DIR}/${FRAMEWORKS_FOLDER_PATH}/SwiftSpinner.framework",
			);
			runOnlyForDeploymentPostprocessing = 0;
			shellPath = /bin/sh;
			shellScript = "\"${SRCROOT}/Pods/Target Support Files/Pods-Swecchta/Pods-Swecchta-frameworks.sh\"\n";
			showEnvVarsInLog = 0;
		};
		FDCD61EE7A07D79E8B3EEB2C /* [CP] Check Pods Manifest.lock */ = {
			isa = PBXShellScriptBuildPhase;
			buildActionMask = 2147483647;
			files = (
			);
			inputPaths = (
				"${PODS_PODFILE_DIR_PATH}/Podfile.lock",
				"${PODS_ROOT}/Manifest.lock",
			);
			name = "[CP] Check Pods Manifest.lock";
			outputPaths = (
				"$(DERIVED_FILE_DIR)/Pods-Swecchta-checkManifestLockResult.txt",
			);
			runOnlyForDeploymentPostprocessing = 0;
			shellPath = /bin/sh;
			shellScript = "diff \"${PODS_PODFILE_DIR_PATH}/Podfile.lock\" \"${PODS_ROOT}/Manifest.lock\" > /dev/null\nif [ $? != 0 ] ; then\n    # print error to STDERR\n    echo \"error: The sandbox is not in sync with the Podfile.lock. Run 'pod install' or update your CocoaPods installation.\" >&2\n    exit 1\nfi\n# This output is used by Xcode 'outputs' to avoid re-running this script phase.\necho \"SUCCESS\" > \"${SCRIPT_OUTPUT_FILE_0}\"\n";
			showEnvVarsInLog = 0;
		};
/* End PBXShellScriptBuildPhase section */

/* Begin PBXSourcesBuildPhase section */
		D698874A1FFE5DF500C829D3 /* Sources */ = {
			isa = PBXSourcesBuildPhase;
			buildActionMask = 2147483647;
			files = (
				D601F8AF2015108400CF3791 /* FillAnimationView.swift in Sources */,
				D666DF48200552CF0038E0F1 /* ProfileViewController.swift in Sources */,
				D601F8702014D07100CF3791 /* usersCollectionViewCell.swift in Sources */,
				D601F86E2014D07100CF3791 /* ContentViewController.swift in Sources */,
				D6D7CA7C20054386000A6808 /* RoundImageView.swift in Sources */,
				D600E8E4200FD542007C812A /* IdentifyDustbinViewController.swift in Sources */,
				D64E9ABC20139B820050C3AB /* IQUIViewController+Additions.swift in Sources */,
				D601F8B12015108400CF3791 /* GestureControl.swift in Sources */,
				D601F8692014D07100CF3791 /* PreViewController.swift in Sources */,
				D63154312006579B00CCCE90 /* AuthServices.swift in Sources */,
				D64E9AB820139B820050C3AB /* IQKeyboardReturnKeyHandler.swift in Sources */,
				D64E9ABD20139B820050C3AB /* IQUITextFieldView+Additions.swift in Sources */,
				D601F8A92015108400CF3791 /* PageContainer.swift in Sources */,
				D601F8B42015108400CF3791 /* Configuring.swift in Sources */,
				D64E9ABB20139B820050C3AB /* IQUIScrollView+Additions.swift in Sources */,
				D601F8AE2015108400CF3791 /* PaperOnboardingDelegate.swift in Sources */,
				D64E9ABF20139B820050C3AB /* IQNSArray+Sort.swift in Sources */,
				D601F8B32015108400CF3791 /* ConstraintsHelper.swift in Sources */,
				D69887541FFE5DF500C829D3 /* LoginViewController.swift in Sources */,
				D64E9AB920139B820050C3AB /* IQKeyboardManager.swift in Sources */,
				D69887521FFE5DF500C829D3 /* AppDelegate.swift in Sources */,
				D64E9AB020139B820050C3AB /* IQPreviousNextView.swift in Sources */,
				D601F85E2014BB7000CF3791 /* MarkerPopUpView.swift in Sources */,
				D6D3FD7D2008D31A00464793 /* Post.swift in Sources */,
				D64E9AB620139B820050C3AB /* IQKeyboardManagerConstants.swift in Sources */,
				D63154332006674700CCCE90 /* Config.swift in Sources */,
				D64E9A94201389BB0050C3AB /* User.swift in Sources */,
				D64E9AB120139B820050C3AB /* IQTitleBarButtonItem.swift in Sources */,
				D6419A5C20108D1A0097A80B /* ConfirmIdentifiedDustbinViewController.swift in Sources */,
				D64E9ABE20139B820050C3AB /* IQUIView+Hierarchy.swift in Sources */,
				D601F8AB2015108400CF3791 /* PageView.swift in Sources */,
				D6A6B3992010DE5300264354 /* LocationAddress.swift in Sources */,
				D601F8B02015108400CF3791 /* PaperOnboardingDataSource.swift in Sources */,
				D64E9AB320139B820050C3AB /* IQToolbar.swift in Sources */,
				D6397D592007F4920029B072 /* ProgressHUD.m in Sources */,
				D6D3FD782008C90300464793 /* AllPostsTableViewCell.swift in Sources */,
				D601F8AD2015108400CF3791 /* OnboardingContantViewItem.swift in Sources */,
				D64E9ABA20139B820050C3AB /* IQUIWindow+Hierarchy.swift in Sources */,
				D631543720069CF300CCCE90 /* RoundButton.swift in Sources */,
				D65452782002AF2A00F652BE /* SignUpViewController.swift in Sources */,
				D64E9AB420139B820050C3AB /* IQUIView+IQKeyboardToolbar.swift in Sources */,
				D601F86D2014D07100CF3791 /* ViewController.swift in Sources */,
				D601F8AA2015108400CF3791 /* PageViewItem.swift in Sources */,
				D601F8B6201510C400CF3791 /* CreditsViewController.swift in Sources */,
				D63154352006979200CCCE90 /* CreatePostViewController.swift in Sources */,
				D601F8B22015108400CF3791 /* PaperOnboarding.swift in Sources */,
				D601F8AC2015108400CF3791 /* OnboardingContentView.swift in Sources */,
				D64E9AC22013BB990050C3AB /* DustbinPoint.swift in Sources */,
				D64E9AB520139B820050C3AB /* IQKeyboardManagerConstantsInternal.swift in Sources */,
				D64E9AB220139B820050C3AB /* IQBarButtonItem.swift in Sources */,
				D600E8E6200FD5AA007C812A /* LocateDustbinViewController.swift in Sources */,
				D698875A1FFE5DF500C829D3 /* Swecchta.xcdatamodeld in Sources */,
				D674579C200928A60071280B /* UserInfo.swift in Sources */,
				D6D3FD7A2008C9E500464793 /* AllPostsViewController.swift in Sources */,
				D64E9AAF20139B820050C3AB /* IQTextView.swift in Sources */,
				D601F86F2014D07100CF3791 /* SegmentedProgressBar.swift in Sources */,
			);
			runOnlyForDeploymentPostprocessing = 0;
		};
/* End PBXSourcesBuildPhase section */

/* Begin PBXVariantGroup section */
		D69887551FFE5DF500C829D3 /* Start.storyboard */ = {
			isa = PBXVariantGroup;
			children = (
				D69887561FFE5DF500C829D3 /* Base */,
			);
			name = Start.storyboard;
			sourceTree = "<group>";
		};
		D698875D1FFE5DF500C829D3 /* LaunchScreen.storyboard */ = {
			isa = PBXVariantGroup;
			children = (
				D698875E1FFE5DF500C829D3 /* Base */,
			);
			name = LaunchScreen.storyboard;
			sourceTree = "<group>";
		};
/* End PBXVariantGroup section */

/* Begin XCBuildConfiguration section */
		D69887611FFE5DF500C829D3 /* Debug */ = {
			isa = XCBuildConfiguration;
			buildSettings = {
				ALWAYS_SEARCH_USER_PATHS = NO;
				CLANG_ANALYZER_NONNULL = YES;
				CLANG_ANALYZER_NUMBER_OBJECT_CONVERSION = YES_AGGRESSIVE;
				CLANG_CXX_LANGUAGE_STANDARD = "gnu++14";
				CLANG_CXX_LIBRARY = "libc++";
				CLANG_ENABLE_MODULES = YES;
				CLANG_ENABLE_OBJC_ARC = YES;
				CLANG_WARN_BLOCK_CAPTURE_AUTORELEASING = YES;
				CLANG_WARN_BOOL_CONVERSION = YES;
				CLANG_WARN_COMMA = YES;
				CLANG_WARN_CONSTANT_CONVERSION = YES;
				CLANG_WARN_DIRECT_OBJC_ISA_USAGE = YES_ERROR;
				CLANG_WARN_DOCUMENTATION_COMMENTS = YES;
				CLANG_WARN_EMPTY_BODY = YES;
				CLANG_WARN_ENUM_CONVERSION = YES;
				CLANG_WARN_INFINITE_RECURSION = YES;
				CLANG_WARN_INT_CONVERSION = YES;
				CLANG_WARN_NON_LITERAL_NULL_CONVERSION = YES;
				CLANG_WARN_OBJC_LITERAL_CONVERSION = YES;
				CLANG_WARN_OBJC_ROOT_CLASS = YES_ERROR;
				CLANG_WARN_RANGE_LOOP_ANALYSIS = YES;
				CLANG_WARN_STRICT_PROTOTYPES = YES;
				CLANG_WARN_SUSPICIOUS_MOVE = YES;
				CLANG_WARN_UNGUARDED_AVAILABILITY = YES_AGGRESSIVE;
				CLANG_WARN_UNREACHABLE_CODE = YES;
				CLANG_WARN__DUPLICATE_METHOD_MATCH = YES;
				CODE_SIGN_IDENTITY = "iPhone Developer";
				COPY_PHASE_STRIP = NO;
				DEBUG_INFORMATION_FORMAT = dwarf;
				ENABLE_STRICT_OBJC_MSGSEND = YES;
				ENABLE_TESTABILITY = YES;
				GCC_C_LANGUAGE_STANDARD = gnu11;
				GCC_DYNAMIC_NO_PIC = NO;
				GCC_NO_COMMON_BLOCKS = YES;
				GCC_OPTIMIZATION_LEVEL = 0;
				GCC_PREPROCESSOR_DEFINITIONS = (
					"DEBUG=1",
					"$(inherited)",
				);
				GCC_WARN_64_TO_32_BIT_CONVERSION = YES;
				GCC_WARN_ABOUT_RETURN_TYPE = YES_ERROR;
				GCC_WARN_UNDECLARED_SELECTOR = YES;
				GCC_WARN_UNINITIALIZED_AUTOS = YES_AGGRESSIVE;
				GCC_WARN_UNUSED_FUNCTION = YES;
				GCC_WARN_UNUSED_VARIABLE = YES;
				IPHONEOS_DEPLOYMENT_TARGET = 11.2;
				MTL_ENABLE_DEBUG_INFO = YES;
				ONLY_ACTIVE_ARCH = YES;
				SDKROOT = iphoneos;
				SWIFT_ACTIVE_COMPILATION_CONDITIONS = DEBUG;
				SWIFT_OPTIMIZATION_LEVEL = "-Onone";
			};
			name = Debug;
		};
		D69887621FFE5DF500C829D3 /* Release */ = {
			isa = XCBuildConfiguration;
			buildSettings = {
				ALWAYS_SEARCH_USER_PATHS = NO;
				CLANG_ANALYZER_NONNULL = YES;
				CLANG_ANALYZER_NUMBER_OBJECT_CONVERSION = YES_AGGRESSIVE;
				CLANG_CXX_LANGUAGE_STANDARD = "gnu++14";
				CLANG_CXX_LIBRARY = "libc++";
				CLANG_ENABLE_MODULES = YES;
				CLANG_ENABLE_OBJC_ARC = YES;
				CLANG_WARN_BLOCK_CAPTURE_AUTORELEASING = YES;
				CLANG_WARN_BOOL_CONVERSION = YES;
				CLANG_WARN_COMMA = YES;
				CLANG_WARN_CONSTANT_CONVERSION = YES;
				CLANG_WARN_DIRECT_OBJC_ISA_USAGE = YES_ERROR;
				CLANG_WARN_DOCUMENTATION_COMMENTS = YES;
				CLANG_WARN_EMPTY_BODY = YES;
				CLANG_WARN_ENUM_CONVERSION = YES;
				CLANG_WARN_INFINITE_RECURSION = YES;
				CLANG_WARN_INT_CONVERSION = YES;
				CLANG_WARN_NON_LITERAL_NULL_CONVERSION = YES;
				CLANG_WARN_OBJC_LITERAL_CONVERSION = YES;
				CLANG_WARN_OBJC_ROOT_CLASS = YES_ERROR;
				CLANG_WARN_RANGE_LOOP_ANALYSIS = YES;
				CLANG_WARN_STRICT_PROTOTYPES = YES;
				CLANG_WARN_SUSPICIOUS_MOVE = YES;
				CLANG_WARN_UNGUARDED_AVAILABILITY = YES_AGGRESSIVE;
				CLANG_WARN_UNREACHABLE_CODE = YES;
				CLANG_WARN__DUPLICATE_METHOD_MATCH = YES;
				CODE_SIGN_IDENTITY = "iPhone Developer";
				COPY_PHASE_STRIP = NO;
				DEBUG_INFORMATION_FORMAT = "dwarf-with-dsym";
				ENABLE_NS_ASSERTIONS = NO;
				ENABLE_STRICT_OBJC_MSGSEND = YES;
				GCC_C_LANGUAGE_STANDARD = gnu11;
				GCC_NO_COMMON_BLOCKS = YES;
				GCC_WARN_64_TO_32_BIT_CONVERSION = YES;
				GCC_WARN_ABOUT_RETURN_TYPE = YES_ERROR;
				GCC_WARN_UNDECLARED_SELECTOR = YES;
				GCC_WARN_UNINITIALIZED_AUTOS = YES_AGGRESSIVE;
				GCC_WARN_UNUSED_FUNCTION = YES;
				GCC_WARN_UNUSED_VARIABLE = YES;
				IPHONEOS_DEPLOYMENT_TARGET = 11.2;
				MTL_ENABLE_DEBUG_INFO = NO;
				SDKROOT = iphoneos;
				SWIFT_OPTIMIZATION_LEVEL = "-Owholemodule";
				VALIDATE_PRODUCT = YES;
			};
			name = Release;
		};
		D69887641FFE5DF500C829D3 /* Debug */ = {
			isa = XCBuildConfiguration;
			baseConfigurationReference = BD1C19B9C88819EE11824DC1 /* Pods-Swecchta.debug.xcconfig */;
			buildSettings = {
				ASSETCATALOG_COMPILER_APPICON_NAME = AppIcon;
				CLANG_ENABLE_MODULES = YES;
				CODE_SIGN_ENTITLEMENTS = Swecchta/Swecchta.entitlements;
				CODE_SIGN_STYLE = Automatic;
				DEVELOPMENT_TEAM = 2CY38GJLA6;
				INFOPLIST_FILE = Swecchta/Info.plist;
				IPHONEOS_DEPLOYMENT_TARGET = 11.1;
				LD_RUNPATH_SEARCH_PATHS = "$(inherited) @executable_path/Frameworks";
				PRODUCT_BUNDLE_IDENTIFIER = In.VisionArray.Swecchta;
				PRODUCT_NAME = "$(TARGET_NAME)";
				SWIFT_OBJC_BRIDGING_HEADER = "Swecchta/Support Files/Swecchta-Bridging-Header.h";
				SWIFT_OPTIMIZATION_LEVEL = "-Onone";
				SWIFT_VERSION = 4.0;
				TARGETED_DEVICE_FAMILY = "1,2";
			};
			name = Debug;
		};
		D69887651FFE5DF500C829D3 /* Release */ = {
			isa = XCBuildConfiguration;
			baseConfigurationReference = 76DFD91DC4370C44C583E245 /* Pods-Swecchta.release.xcconfig */;
			buildSettings = {
				ASSETCATALOG_COMPILER_APPICON_NAME = AppIcon;
				CLANG_ENABLE_MODULES = YES;
				CODE_SIGN_ENTITLEMENTS = Swecchta/Swecchta.entitlements;
				CODE_SIGN_STYLE = Automatic;
				DEVELOPMENT_TEAM = 2CY38GJLA6;
				INFOPLIST_FILE = Swecchta/Info.plist;
				IPHONEOS_DEPLOYMENT_TARGET = 11.1;
				LD_RUNPATH_SEARCH_PATHS = "$(inherited) @executable_path/Frameworks";
				PRODUCT_BUNDLE_IDENTIFIER = In.VisionArray.Swecchta;
				PRODUCT_NAME = "$(TARGET_NAME)";
				SWIFT_OBJC_BRIDGING_HEADER = "Swecchta/Support Files/Swecchta-Bridging-Header.h";
				SWIFT_VERSION = 4.0;
				TARGETED_DEVICE_FAMILY = "1,2";
			};
			name = Release;
		};
/* End XCBuildConfiguration section */

/* Begin XCConfigurationList section */
		D69887491FFE5DF500C829D3 /* Build configuration list for PBXProject "Swecchta" */ = {
			isa = XCConfigurationList;
			buildConfigurations = (
				D69887611FFE5DF500C829D3 /* Debug */,
				D69887621FFE5DF500C829D3 /* Release */,
			);
			defaultConfigurationIsVisible = 0;
			defaultConfigurationName = Release;
		};
		D69887631FFE5DF500C829D3 /* Build configuration list for PBXNativeTarget "Swecchta" */ = {
			isa = XCConfigurationList;
			buildConfigurations = (
				D69887641FFE5DF500C829D3 /* Debug */,
				D69887651FFE5DF500C829D3 /* Release */,
			);
			defaultConfigurationIsVisible = 0;
			defaultConfigurationName = Release;
		};
/* End XCConfigurationList section */

/* Begin XCVersionGroup section */
		D69887581FFE5DF500C829D3 /* Swecchta.xcdatamodeld */ = {
			isa = XCVersionGroup;
			children = (
				D69887591FFE5DF500C829D3 /* Swecchta.xcdatamodel */,
			);
			currentVersion = D69887591FFE5DF500C829D3 /* Swecchta.xcdatamodel */;
			path = Swecchta.xcdatamodeld;
			sourceTree = "<group>";
			versionGroupType = wrapper.xcdatamodel;
		};
/* End XCVersionGroup section */
	};
	rootObject = D69887461FFE5DF500C829D3 /* Project object */;
}
